PODS:
  - Braintree (4.38.0):
    - Braintree/Card (= 4.38.0)
    - Braintree/Core (= 4.38.0)
    - Braintree/PayPal (= 4.38.0)
    - Braintree/UI (= 4.38.0)
  - Braintree/Card (4.38.0):
    - Braintree/Core
  - Braintree/Core (4.38.0)
  - Braintree/PaymentFlow (4.38.0):
    - Braintree/Card
    - Braintree/Core
    - Braintree/PayPalOneTouch
  - Braintree/PayPal (4.38.0):
    - Braintree/Core
    - Braintree/PayPalOneTouch
  - Braintree/PayPalDataCollector (4.38.0):
    - Braintree/Core
    - Braintree/PayPalUtils
  - Braintree/PayPalOneTouch (4.38.0):
    - Braintree/Core
    - Braintree/PayPalDataCollector
    - Braintree/PayPalUtils
  - Braintree/PayPalUtils (4.38.0)
  - Braintree/UI (4.38.0):
    - Braintree/Card
    - Braintree/Core
  - Braintree/UnionPay (4.38.0):
    - Braintree/Card
    - Braintree/Core
  - BraintreeDropIn (8.2.0):
    - BraintreeDropIn/DropIn (= 8.2.0)
  - BraintreeDropIn/DropIn (8.2.0):
    - Braintree/Card (~> 4.32)
    - Braintree/Core (~> 4.32)
    - Braintree/PaymentFlow (~> 4.32)
    - Braintree/PayPal (~> 4.32)
    - Braintree/UnionPay (~> 4.32)
    - BraintreeDropIn/UIKit
  - BraintreeDropIn/UIKit (8.2.0)
  - Cosmos (23.0.0)
  - Kingfisher (4.10.1)

DEPENDENCIES:
  - Braintree
  - BraintreeDropIn
  - Cosmos (~> 23.0)
  - Kingfisher

SPEC REPOS:
  trunk:
    - Braintree
    - BraintreeDropIn
    - Cosmos
    - Kingfisher

SPEC CHECKSUMS:
  Braintree: 78a33deb6f6ec617c2c4891fbe352854358b3a8d
  BraintreeDropIn: b57b653d130981aad7ad9bc97a69d3d7ef86f7a1
  Cosmos: b5c6a9a637e28a061b54c8f8b1d8529d7d4db73f
  Kingfisher: c148cd7b47ebde9989f6bc7c27dcaa79d81279a0

PODFILE CHECKSUM: 287bc4fbb5cb5dd256bd9fbcbecd573f89513c50

COCOAPODS: 1.11.3
