// !$*UTF8*$!
{
	archiveVersion = 1;
	classes = {
	};
	objectVersion = 55;
	objects = {

/* Begin PBXBuildFile section */
		133301A67BDB4333FD7D4B63 /* Pods_All_InTests.framework in Frameworks */ = {isa = PBXBuildFile; fileRef = 07741E7A7B4311F2E38A5931 /* Pods_All_InTests.framework */; };
		4329D90D2872DA1D0033A36F /* ProfileViewController.xib in Resources */ = {isa = PBXBuildFile; fileRef = 4329D90B2872DA1D0033A36F /* ProfileViewController.xib */; };
		4329D9102872F8580033A36F /* OrdersTableViewCell.swift in Sources */ = {isa = PBXBuildFile; fileRef = 4329D90E2872F8580033A36F /* OrdersTableViewCell.swift */; };
		4329D9112872F8580033A36F /* OrdersTableViewCell.xib in Resources */ = {isa = PBXBuildFile; fileRef = 4329D90F2872F8580033A36F /* OrdersTableViewCell.xib */; };
		4329D9172872FE540033A36F /* ProfileViewController.swift in Sources */ = {isa = PBXBuildFile; fileRef = 4329D9162872FE540033A36F /* ProfileViewController.swift */; };
		432B42AD2873AE3300AEA340 /* HomeViewModel.swift in Sources */ = {isa = PBXBuildFile; fileRef = 432B42AC2873AE3300AEA340 /* HomeViewModel.swift */; };
		434E3E09287415F4000AE2AA /* Products.swift in Sources */ = {isa = PBXBuildFile; fileRef = 434E3E08287415F4000AE2AA /* Products.swift */; };
		434E3E0B28742082000AE2AA /* BrandsModelView.swift in Sources */ = {isa = PBXBuildFile; fileRef = 434E3E0A28742082000AE2AA /* BrandsModelView.swift */; };
		434E3E0D28745AA9000AE2AA /* CategoriesModel.swift in Sources */ = {isa = PBXBuildFile; fileRef = 434E3E0C28745AA9000AE2AA /* CategoriesModel.swift */; };
		434E3E0F28746206000AE2AA /* CategoriesViewModel.swift in Sources */ = {isa = PBXBuildFile; fileRef = 434E3E0E28746206000AE2AA /* CategoriesViewModel.swift */; };
		434E3E1128746704000AE2AA /* CustomCollection.swift in Sources */ = {isa = PBXBuildFile; fileRef = 434E3E1028746704000AE2AA /* CustomCollection.swift */; };
		437BCC30286FB42500B96CFC /* NavigationViewController.swift in Sources */ = {isa = PBXBuildFile; fileRef = 437BCC2F286FB42500B96CFC /* NavigationViewController.swift */; };
		437BCC3828700B1900B96CFC /* LayerBorder.swift in Sources */ = {isa = PBXBuildFile; fileRef = 437BCC3728700B1900B96CFC /* LayerBorder.swift */; };
		437BCC3C28700CE900B96CFC /* OrdersViewController.xib in Resources */ = {isa = PBXBuildFile; fileRef = 437BCC3B28700CE900B96CFC /* OrdersViewController.xib */; };
		438E57DF287525ED00531469 /* ProuctsBrandCollectionViewCell.swift in Sources */ = {isa = PBXBuildFile; fileRef = 438E57DD287525ED00531469 /* ProuctsBrandCollectionViewCell.swift */; };
		438E57E0287525EE00531469 /* ProuctsBrandCollectionViewCell.xib in Resources */ = {isa = PBXBuildFile; fileRef = 438E57DE287525ED00531469 /* ProuctsBrandCollectionViewCell.xib */; };
		438E57E32875312E00531469 /* BrandNameCollectionReusableView.swift in Sources */ = {isa = PBXBuildFile; fileRef = 438E57E12875312E00531469 /* BrandNameCollectionReusableView.swift */; };
		438E57E42875312E00531469 /* BrandNameCollectionReusableView.xib in Resources */ = {isa = PBXBuildFile; fileRef = 438E57E22875312E00531469 /* BrandNameCollectionReusableView.xib */; };
		438E57F12875457D00531469 /* FillterTableViewCell.swift in Sources */ = {isa = PBXBuildFile; fileRef = 438E57EF2875457D00531469 /* FillterTableViewCell.swift */; };
		438E57F22875457D00531469 /* FillterTableViewCell.xib in Resources */ = {isa = PBXBuildFile; fileRef = 438E57F02875457D00531469 /* FillterTableViewCell.xib */; };
		438E57F528755F9600531469 /* FilterViewController.swift in Sources */ = {isa = PBXBuildFile; fileRef = 438E57F328755F9600531469 /* FilterViewController.swift */; };
		438E57F628755F9600531469 /* FilterViewController.xib in Resources */ = {isa = PBXBuildFile; fileRef = 438E57F428755F9600531469 /* FilterViewController.xib */; };
		438E59DB287593CD00531469 /* FilterProtcol.swift in Sources */ = {isa = PBXBuildFile; fileRef = 438E59DA287593CD00531469 /* FilterProtcol.swift */; };
		4397C611287314C600215728 /* OrdersViewController.swift in Sources */ = {isa = PBXBuildFile; fileRef = 4397C60F287314C600215728 /* OrdersViewController.swift */; };
		4397C612287314C600215728 /* MyAccountViewController.xib in Resources */ = {isa = PBXBuildFile; fileRef = 4397C610287314C600215728 /* MyAccountViewController.xib */; };
		43C28FB428711DF10014FE16 /* MyAccountViewController.swift in Sources */ = {isa = PBXBuildFile; fileRef = 43C28FB328711DF10014FE16 /* MyAccountViewController.swift */; };
		43C28FBD28713A650014FE16 /* AdsCollectionViewCell.swift in Sources */ = {isa = PBXBuildFile; fileRef = 43C28FBB28713A650014FE16 /* AdsCollectionViewCell.swift */; };
		43C28FBE28713A650014FE16 /* AdsCollectionViewCell.xib in Resources */ = {isa = PBXBuildFile; fileRef = 43C28FBC28713A650014FE16 /* AdsCollectionViewCell.xib */; };
		43EF41F2286E99CD00B7770C /* CategoriesViewController.swift in Sources */ = {isa = PBXBuildFile; fileRef = 43EF41F0286E99CD00B7770C /* CategoriesViewController.swift */; };
		43EF41F3286E99CD00B7770C /* CategoriesViewController.xib in Resources */ = {isa = PBXBuildFile; fileRef = 43EF41F1286E99CD00B7770C /* CategoriesViewController.xib */; };
		43EF41F6286EC40500B7770C /* CategoryCollectionViewCell.swift in Sources */ = {isa = PBXBuildFile; fileRef = 43EF41F4286EC40400B7770C /* CategoryCollectionViewCell.swift */; };
		43EF41F7286EC40500B7770C /* CategoryCollectionViewCell.xib in Resources */ = {isa = PBXBuildFile; fileRef = 43EF41F5286EC40400B7770C /* CategoryCollectionViewCell.xib */; };
		43EF41FD286ECB3B00B7770C /* BrandsViewController.swift in Sources */ = {isa = PBXBuildFile; fileRef = 43EF41FB286ECB3B00B7770C /* BrandsViewController.swift */; };
		43EF41FE286ECB3B00B7770C /* BrandsViewController.xib in Resources */ = {isa = PBXBuildFile; fileRef = 43EF41FC286ECB3B00B7770C /* BrandsViewController.xib */; };
		43EF4200286EE8B900B7770C /* HomeModel.swift in Sources */ = {isa = PBXBuildFile; fileRef = 43EF41FF286EE8B900B7770C /* HomeModel.swift */; };
		43FDEB26286D7A24005C93B9 /* HomeViewController.swift in Sources */ = {isa = PBXBuildFile; fileRef = 43FDEB24286D7A24005C93B9 /* HomeViewController.swift */; };
		43FDEB27286D7A24005C93B9 /* HomeViewController.xib in Resources */ = {isa = PBXBuildFile; fileRef = 43FDEB25286D7A24005C93B9 /* HomeViewController.xib */; };
		43FDEB2A286D80FA005C93B9 /* BrandsCollectionViewCell.swift in Sources */ = {isa = PBXBuildFile; fileRef = 43FDEB28286D80FA005C93B9 /* BrandsCollectionViewCell.swift */; };
		43FDEB2B286D80FB005C93B9 /* BrandsCollectionViewCell.xib in Resources */ = {isa = PBXBuildFile; fileRef = 43FDEB29286D80FA005C93B9 /* BrandsCollectionViewCell.xib */; };
		820A8F92287854F500D13A0A /* FavoriteDBManager.swift in Sources */ = {isa = PBXBuildFile; fileRef = 820A8F91287854F500D13A0A /* FavoriteDBManager.swift */; };
		8288A5B8287C82910098CB8E /* FavoriteViewController.swift in Sources */ = {isa = PBXBuildFile; fileRef = 8288A5B6287C82910098CB8E /* FavoriteViewController.swift */; };
		8288A5B9287C82910098CB8E /* FavoriteViewController.xib in Resources */ = {isa = PBXBuildFile; fileRef = 8288A5B7287C82910098CB8E /* FavoriteViewController.xib */; };
		8288A5C0287C83CE0098CB8E /* FavoriteTableViewCell.swift in Sources */ = {isa = PBXBuildFile; fileRef = 8288A5BE287C83CE0098CB8E /* FavoriteTableViewCell.swift */; };
		8288A5C1287C83CE0098CB8E /* FavoriteTableViewCell.xib in Resources */ = {isa = PBXBuildFile; fileRef = 8288A5BF287C83CE0098CB8E /* FavoriteTableViewCell.xib */; };
		8288A5C3287CA5C90098CB8E /* Extension.swift in Sources */ = {isa = PBXBuildFile; fileRef = 8288A5C2287CA5C90098CB8E /* Extension.swift */; };
		82924A7D287B980F00C7DD36 /* CustomerModel.swift in Sources */ = {isa = PBXBuildFile; fileRef = 82924A7C287B980F00C7DD36 /* CustomerModel.swift */; };
		82924A7F287B99C200C7DD36 /* Decoder.swift in Sources */ = {isa = PBXBuildFile; fileRef = 82924A7E287B99C200C7DD36 /* Decoder.swift */; };
		A84A19B9286CF4D8002CEFC3 /* shoppingCartItem.swift in Sources */ = {isa = PBXBuildFile; fileRef = A84A19B8286CF4D8002CEFC3 /* shoppingCartItem.swift */; };
		A889F19A2870F61F00B5DF34 /* ApiServices.swift in Sources */ = {isa = PBXBuildFile; fileRef = A889F1992870F61F00B5DF34 /* ApiServices.swift */; };
		A889F19C2870F63500B5DF34 /* NetworkManager.swift in Sources */ = {isa = PBXBuildFile; fileRef = A889F19B2870F63500B5DF34 /* NetworkManager.swift */; };
		A889F19E2870F64000B5DF34 /* Urls.swift in Sources */ = {isa = PBXBuildFile; fileRef = A889F19D2870F64000B5DF34 /* Urls.swift */; };
		A889F1A02870F7C900B5DF34 /* Alert.swift in Sources */ = {isa = PBXBuildFile; fileRef = A889F19F2870F7C900B5DF34 /* Alert.swift */; };
		A889F1A22870F84D00B5DF34 /* Views.swift in Sources */ = {isa = PBXBuildFile; fileRef = A889F1A12870F84D00B5DF34 /* Views.swift */; };
		A889F1A42870F87600B5DF34 /* Reachability.swift in Sources */ = {isa = PBXBuildFile; fileRef = A889F1A32870F87600B5DF34 /* Reachability.swift */; };
		A8973CFB286E22DD001A3A8D /* PaymentMethodsViewController.swift in Sources */ = {isa = PBXBuildFile; fileRef = A8973CF9286E22DD001A3A8D /* PaymentMethodsViewController.swift */; };
		A8973CFC286E22DD001A3A8D /* PaymentMethodsViewController.xib in Resources */ = {isa = PBXBuildFile; fileRef = A8973CFA286E22DD001A3A8D /* PaymentMethodsViewController.xib */; };
		A8AB2D142871B2EA00808A59 /* CustomersModel.swift in Sources */ = {isa = PBXBuildFile; fileRef = A8AB2D132871B2EA00808A59 /* CustomersModel.swift */; };
		A8AB2D162871EA1100808A59 /* discountCodeModel.swift in Sources */ = {isa = PBXBuildFile; fileRef = A8AB2D152871EA1100808A59 /* discountCodeModel.swift */; };
		A8AB2D182871EF8100808A59 /* discountCodeViewModel.swift in Sources */ = {isa = PBXBuildFile; fileRef = A8AB2D172871EF8100808A59 /* discountCodeViewModel.swift */; };
		A8B4A713287472B00090E387 /* NetworkManagerMock.swift in Sources */ = {isa = PBXBuildFile; fileRef = A8B4A712287472B00090E387 /* NetworkManagerMock.swift */; };
		A8BD82AE286F3588000DA1E6 /* SettingsViewController.swift in Sources */ = {isa = PBXBuildFile; fileRef = A8BD82AC286F3588000DA1E6 /* SettingsViewController.swift */; };
		A8BD82AF286F3588000DA1E6 /* SettingsViewController.xib in Resources */ = {isa = PBXBuildFile; fileRef = A8BD82AD286F3588000DA1E6 /* SettingsViewController.xib */; };
		A8BD82B2286F35B8000DA1E6 /* AddNewAddressViewController.swift in Sources */ = {isa = PBXBuildFile; fileRef = A8BD82B0286F35B8000DA1E6 /* AddNewAddressViewController.swift */; };
		A8BD82B3286F35B8000DA1E6 /* AddNewAddressViewController.xib in Resources */ = {isa = PBXBuildFile; fileRef = A8BD82B1286F35B8000DA1E6 /* AddNewAddressViewController.xib */; };
		A8BD82B6286F35DB000DA1E6 /* ListOfAddressesViewController.swift in Sources */ = {isa = PBXBuildFile; fileRef = A8BD82B4286F35DB000DA1E6 /* ListOfAddressesViewController.swift */; };
		A8BD82B7286F35DB000DA1E6 /* ListOfAddressesViewController.xib in Resources */ = {isa = PBXBuildFile; fileRef = A8BD82B5286F35DB000DA1E6 /* ListOfAddressesViewController.xib */; };
		A8BD82BA286F5525000DA1E6 /* addressTableViewCell.swift in Sources */ = {isa = PBXBuildFile; fileRef = A8BD82B8286F5525000DA1E6 /* addressTableViewCell.swift */; };
		A8BD82BB286F5525000DA1E6 /* addressTableViewCell.xib in Resources */ = {isa = PBXBuildFile; fileRef = A8BD82B9286F5525000DA1E6 /* addressTableViewCell.xib */; };
		A8BF41572873786300317979 /* AddressViewModel.swift in Sources */ = {isa = PBXBuildFile; fileRef = A8BF41562873786300317979 /* AddressViewModel.swift */; };
		A8C051E6287708DA00C08A45 /* ItemsCollectionViewCell.swift in Sources */ = {isa = PBXBuildFile; fileRef = A8C051E4287708DA00C08A45 /* ItemsCollectionViewCell.swift */; };
		A8C051E7287708DA00C08A45 /* ItemsCollectionViewCell.xib in Resources */ = {isa = PBXBuildFile; fileRef = A8C051E5287708DA00C08A45 /* ItemsCollectionViewCell.xib */; };
		A8CB524828706191000366BE /* ShoppingCartDBManager.swift in Sources */ = {isa = PBXBuildFile; fileRef = A8CB524728706191000366BE /* ShoppingCartDBManager.swift */; };
		A8CCBC8D28764B7200E32B4B /* LoginViewController.swift in Sources */ = {isa = PBXBuildFile; fileRef = A8CCBC8928764B7200E32B4B /* LoginViewController.swift */; };
		A8CCBC8E28764B7200E32B4B /* LoginViewController.xib in Resources */ = {isa = PBXBuildFile; fileRef = A8CCBC8A28764B7200E32B4B /* LoginViewController.xib */; };
		A8CCBC8F28764B7200E32B4B /* RgisterViewController.swift in Sources */ = {isa = PBXBuildFile; fileRef = A8CCBC8B28764B7200E32B4B /* RgisterViewController.swift */; };
		A8CCBC9028764B7200E32B4B /* RgisterViewController.xib in Resources */ = {isa = PBXBuildFile; fileRef = A8CCBC8C28764B7200E32B4B /* RgisterViewController.xib */; };
		A8CCBC9528764BD400E32B4B /* ProductInfoViewController.xib in Resources */ = {isa = PBXBuildFile; fileRef = A8CCBC9128764BD400E32B4B /* ProductInfoViewController.xib */; };
		A8CCBC9628764BD400E32B4B /* ProductCollectionViewCell.xib in Resources */ = {isa = PBXBuildFile; fileRef = A8CCBC9228764BD400E32B4B /* ProductCollectionViewCell.xib */; };
		A8CCBC9728764BD400E32B4B /* ProductCollectionViewCell.swift in Sources */ = {isa = PBXBuildFile; fileRef = A8CCBC9328764BD400E32B4B /* ProductCollectionViewCell.swift */; };
		A8CCBC9828764BD400E32B4B /* ProductInfoViewController.swift in Sources */ = {isa = PBXBuildFile; fileRef = A8CCBC9428764BD400E32B4B /* ProductInfoViewController.swift */; };
		A8D6E90D286C31B400AF555B /* AppDelegate.swift in Sources */ = {isa = PBXBuildFile; fileRef = A8D6E90C286C31B400AF555B /* AppDelegate.swift */; };
		A8D6E90F286C31B400AF555B /* SceneDelegate.swift in Sources */ = {isa = PBXBuildFile; fileRef = A8D6E90E286C31B400AF555B /* SceneDelegate.swift */; };
		A8D6E911286C31B400AF555B /* ViewController.swift in Sources */ = {isa = PBXBuildFile; fileRef = A8D6E910286C31B400AF555B /* ViewController.swift */; };
		A8D6E914286C31B400AF555B /* Main.storyboard in Resources */ = {isa = PBXBuildFile; fileRef = A8D6E912286C31B400AF555B /* Main.storyboard */; };
		A8D6E917286C31B400AF555B /* All_In.xcdatamodeld in Sources */ = {isa = PBXBuildFile; fileRef = A8D6E915286C31B400AF555B /* All_In.xcdatamodeld */; };
		A8D6E919286C31B500AF555B /* Assets.xcassets in Resources */ = {isa = PBXBuildFile; fileRef = A8D6E918286C31B500AF555B /* Assets.xcassets */; };
		A8D6E91C286C31B500AF555B /* LaunchScreen.storyboard in Resources */ = {isa = PBXBuildFile; fileRef = A8D6E91A286C31B500AF555B /* LaunchScreen.storyboard */; };
		A8D6E927286C31B500AF555B /* All_InTests.swift in Sources */ = {isa = PBXBuildFile; fileRef = A8D6E926286C31B500AF555B /* All_InTests.swift */; };
		A8D6E931286C31B500AF555B /* All_InUITests.swift in Sources */ = {isa = PBXBuildFile; fileRef = A8D6E930286C31B500AF555B /* All_InUITests.swift */; };
		A8D6E933286C31B500AF555B /* All_InUITestsLaunchTests.swift in Sources */ = {isa = PBXBuildFile; fileRef = A8D6E932286C31B500AF555B /* All_InUITestsLaunchTests.swift */; };
		A8D6E950286C6C0E00AF555B /* TabBarController.swift in Sources */ = {isa = PBXBuildFile; fileRef = A8D6E94F286C6C0E00AF555B /* TabBarController.swift */; };
		A8D6E953286C713900AF555B /* PaymentViewController.swift in Sources */ = {isa = PBXBuildFile; fileRef = A8D6E951286C713900AF555B /* PaymentViewController.swift */; };
		A8D6E954286C713900AF555B /* PaymentViewController.xib in Resources */ = {isa = PBXBuildFile; fileRef = A8D6E952286C713900AF555B /* PaymentViewController.xib */; };
		A8D6E95A286C82B500AF555B /* ShoppingCartViewController.swift in Sources */ = {isa = PBXBuildFile; fileRef = A8D6E958286C82B500AF555B /* ShoppingCartViewController.swift */; };
		A8D6E95B286C82B500AF555B /* ShoppingCartViewController.xib in Resources */ = {isa = PBXBuildFile; fileRef = A8D6E959286C82B500AF555B /* ShoppingCartViewController.xib */; };
		A8D6E972286CDBB500AF555B /* ShoppingCartTableViewCell.swift in Sources */ = {isa = PBXBuildFile; fileRef = A8D6E970286CDBB500AF555B /* ShoppingCartTableViewCell.swift */; };
		A8D6E973286CDBB500AF555B /* ShoppingCartTableViewCell.xib in Resources */ = {isa = PBXBuildFile; fileRef = A8D6E971286CDBB500AF555B /* ShoppingCartTableViewCell.xib */; };
		BB1FFBC87161AAB7DD096417 /* Pods_All_In.framework in Frameworks */ = {isa = PBXBuildFile; fileRef = CE839D0F83352AE12F2CD405 /* Pods_All_In.framework */; };
		F90D99C9ECACBC9E2C36CD78 /* Pods_All_In_All_InUITests.framework in Frameworks */ = {isa = PBXBuildFile; fileRef = 70B47B04EC7F46A915E97F4C /* Pods_All_In_All_InUITests.framework */; };
/* End PBXBuildFile section */

/* Begin PBXContainerItemProxy section */
		A8D6E923286C31B500AF555B /* PBXContainerItemProxy */ = {
			isa = PBXContainerItemProxy;
			containerPortal = A8D6E901286C31B400AF555B /* Project object */;
			proxyType = 1;
			remoteGlobalIDString = A8D6E908286C31B400AF555B;
			remoteInfo = "All-In";
		};
		A8D6E92D286C31B500AF555B /* PBXContainerItemProxy */ = {
			isa = PBXContainerItemProxy;
			containerPortal = A8D6E901286C31B400AF555B /* Project object */;
			proxyType = 1;
			remoteGlobalIDString = A8D6E908286C31B400AF555B;
			remoteInfo = "All-In";
		};
/* End PBXContainerItemProxy section */

/* Begin PBXFileReference section */
		041C67BF5EF4BEB2EA86279E /* Pods-All-In-All-InUITests.release.xcconfig */ = {isa = PBXFileReference; includeInIndex = 1; lastKnownFileType = text.xcconfig; name = "Pods-All-In-All-InUITests.release.xcconfig"; path = "Target Support Files/Pods-All-In-All-InUITests/Pods-All-In-All-InUITests.release.xcconfig"; sourceTree = "<group>"; };
		07741E7A7B4311F2E38A5931 /* Pods_All_InTests.framework */ = {isa = PBXFileReference; explicitFileType = wrapper.framework; includeInIndex = 0; path = Pods_All_InTests.framework; sourceTree = BUILT_PRODUCTS_DIR; };
		4329D90B2872DA1D0033A36F /* ProfileViewController.xib */ = {isa = PBXFileReference; lastKnownFileType = file.xib; path = ProfileViewController.xib; sourceTree = "<group>"; };
		4329D90E2872F8580033A36F /* OrdersTableViewCell.swift */ = {isa = PBXFileReference; lastKnownFileType = sourcecode.swift; path = OrdersTableViewCell.swift; sourceTree = "<group>"; };
		4329D90F2872F8580033A36F /* OrdersTableViewCell.xib */ = {isa = PBXFileReference; lastKnownFileType = file.xib; path = OrdersTableViewCell.xib; sourceTree = "<group>"; };
		4329D9162872FE540033A36F /* ProfileViewController.swift */ = {isa = PBXFileReference; lastKnownFileType = sourcecode.swift; path = ProfileViewController.swift; sourceTree = "<group>"; };
		432B42AC2873AE3300AEA340 /* HomeViewModel.swift */ = {isa = PBXFileReference; lastKnownFileType = sourcecode.swift; path = HomeViewModel.swift; sourceTree = "<group>"; };
		434E3E08287415F4000AE2AA /* Products.swift */ = {isa = PBXFileReference; lastKnownFileType = sourcecode.swift; path = Products.swift; sourceTree = "<group>"; };
		434E3E0A28742082000AE2AA /* BrandsModelView.swift */ = {isa = PBXFileReference; lastKnownFileType = sourcecode.swift; path = BrandsModelView.swift; sourceTree = "<group>"; };
		434E3E0C28745AA9000AE2AA /* CategoriesModel.swift */ = {isa = PBXFileReference; lastKnownFileType = sourcecode.swift; path = CategoriesModel.swift; sourceTree = "<group>"; };
		434E3E0E28746206000AE2AA /* CategoriesViewModel.swift */ = {isa = PBXFileReference; lastKnownFileType = sourcecode.swift; path = CategoriesViewModel.swift; sourceTree = "<group>"; };
		434E3E1028746704000AE2AA /* CustomCollection.swift */ = {isa = PBXFileReference; lastKnownFileType = sourcecode.swift; path = CustomCollection.swift; sourceTree = "<group>"; };
		437BCC2F286FB42500B96CFC /* NavigationViewController.swift */ = {isa = PBXFileReference; lastKnownFileType = sourcecode.swift; path = NavigationViewController.swift; sourceTree = "<group>"; };
		437BCC3728700B1900B96CFC /* LayerBorder.swift */ = {isa = PBXFileReference; lastKnownFileType = sourcecode.swift; path = LayerBorder.swift; sourceTree = "<group>"; };
		437BCC3B28700CE900B96CFC /* OrdersViewController.xib */ = {isa = PBXFileReference; fileEncoding = 4; lastKnownFileType = file.xib; path = OrdersViewController.xib; sourceTree = "<group>"; };
		438E57DD287525ED00531469 /* ProuctsBrandCollectionViewCell.swift */ = {isa = PBXFileReference; lastKnownFileType = sourcecode.swift; path = ProuctsBrandCollectionViewCell.swift; sourceTree = "<group>"; };
		438E57DE287525ED00531469 /* ProuctsBrandCollectionViewCell.xib */ = {isa = PBXFileReference; lastKnownFileType = file.xib; path = ProuctsBrandCollectionViewCell.xib; sourceTree = "<group>"; };
		438E57E12875312E00531469 /* BrandNameCollectionReusableView.swift */ = {isa = PBXFileReference; lastKnownFileType = sourcecode.swift; path = BrandNameCollectionReusableView.swift; sourceTree = "<group>"; };
		438E57E22875312E00531469 /* BrandNameCollectionReusableView.xib */ = {isa = PBXFileReference; lastKnownFileType = file.xib; path = BrandNameCollectionReusableView.xib; sourceTree = "<group>"; };
		438E57EF2875457D00531469 /* FillterTableViewCell.swift */ = {isa = PBXFileReference; lastKnownFileType = sourcecode.swift; path = FillterTableViewCell.swift; sourceTree = "<group>"; };
		438E57F02875457D00531469 /* FillterTableViewCell.xib */ = {isa = PBXFileReference; lastKnownFileType = file.xib; path = FillterTableViewCell.xib; sourceTree = "<group>"; };
		438E57F328755F9600531469 /* FilterViewController.swift */ = {isa = PBXFileReference; lastKnownFileType = sourcecode.swift; path = FilterViewController.swift; sourceTree = "<group>"; };
		438E57F428755F9600531469 /* FilterViewController.xib */ = {isa = PBXFileReference; lastKnownFileType = file.xib; path = FilterViewController.xib; sourceTree = "<group>"; };
		438E59DA287593CD00531469 /* FilterProtcol.swift */ = {isa = PBXFileReference; lastKnownFileType = sourcecode.swift; path = FilterProtcol.swift; sourceTree = "<group>"; };
		4397C60F287314C600215728 /* OrdersViewController.swift */ = {isa = PBXFileReference; lastKnownFileType = sourcecode.swift; path = OrdersViewController.swift; sourceTree = "<group>"; };
		4397C610287314C600215728 /* MyAccountViewController.xib */ = {isa = PBXFileReference; lastKnownFileType = file.xib; path = MyAccountViewController.xib; sourceTree = "<group>"; };
		43C28FB328711DF10014FE16 /* MyAccountViewController.swift */ = {isa = PBXFileReference; lastKnownFileType = sourcecode.swift; path = MyAccountViewController.swift; sourceTree = "<group>"; };
		43C28FBB28713A650014FE16 /* AdsCollectionViewCell.swift */ = {isa = PBXFileReference; lastKnownFileType = sourcecode.swift; path = AdsCollectionViewCell.swift; sourceTree = "<group>"; };
		43C28FBC28713A650014FE16 /* AdsCollectionViewCell.xib */ = {isa = PBXFileReference; lastKnownFileType = file.xib; path = AdsCollectionViewCell.xib; sourceTree = "<group>"; };
		43EF41F0286E99CD00B7770C /* CategoriesViewController.swift */ = {isa = PBXFileReference; lastKnownFileType = sourcecode.swift; path = CategoriesViewController.swift; sourceTree = "<group>"; };
		43EF41F1286E99CD00B7770C /* CategoriesViewController.xib */ = {isa = PBXFileReference; lastKnownFileType = file.xib; path = CategoriesViewController.xib; sourceTree = "<group>"; };
		43EF41F4286EC40400B7770C /* CategoryCollectionViewCell.swift */ = {isa = PBXFileReference; lastKnownFileType = sourcecode.swift; path = CategoryCollectionViewCell.swift; sourceTree = "<group>"; };
		43EF41F5286EC40400B7770C /* CategoryCollectionViewCell.xib */ = {isa = PBXFileReference; lastKnownFileType = file.xib; path = CategoryCollectionViewCell.xib; sourceTree = "<group>"; };
		43EF41FB286ECB3B00B7770C /* BrandsViewController.swift */ = {isa = PBXFileReference; lastKnownFileType = sourcecode.swift; path = BrandsViewController.swift; sourceTree = "<group>"; };
		43EF41FC286ECB3B00B7770C /* BrandsViewController.xib */ = {isa = PBXFileReference; lastKnownFileType = file.xib; path = BrandsViewController.xib; sourceTree = "<group>"; };
		43EF41FF286EE8B900B7770C /* HomeModel.swift */ = {isa = PBXFileReference; lastKnownFileType = sourcecode.swift; path = HomeModel.swift; sourceTree = "<group>"; };
		43FDEB24286D7A24005C93B9 /* HomeViewController.swift */ = {isa = PBXFileReference; lastKnownFileType = sourcecode.swift; path = HomeViewController.swift; sourceTree = "<group>"; };
		43FDEB25286D7A24005C93B9 /* HomeViewController.xib */ = {isa = PBXFileReference; lastKnownFileType = file.xib; path = HomeViewController.xib; sourceTree = "<group>"; };
		43FDEB28286D80FA005C93B9 /* BrandsCollectionViewCell.swift */ = {isa = PBXFileReference; lastKnownFileType = sourcecode.swift; path = BrandsCollectionViewCell.swift; sourceTree = "<group>"; };
		43FDEB29286D80FA005C93B9 /* BrandsCollectionViewCell.xib */ = {isa = PBXFileReference; lastKnownFileType = file.xib; path = BrandsCollectionViewCell.xib; sourceTree = "<group>"; };
		5FE5CE26FCFDC3CAF6DB6A18 /* Pods-All-In-All-InUITests.debug.xcconfig */ = {isa = PBXFileReference; includeInIndex = 1; lastKnownFileType = text.xcconfig; name = "Pods-All-In-All-InUITests.debug.xcconfig"; path = "Target Support Files/Pods-All-In-All-InUITests/Pods-All-In-All-InUITests.debug.xcconfig"; sourceTree = "<group>"; };
		70B47B04EC7F46A915E97F4C /* Pods_All_In_All_InUITests.framework */ = {isa = PBXFileReference; explicitFileType = wrapper.framework; includeInIndex = 0; path = Pods_All_In_All_InUITests.framework; sourceTree = BUILT_PRODUCTS_DIR; };
		820A8F91287854F500D13A0A /* FavoriteDBManager.swift */ = {isa = PBXFileReference; lastKnownFileType = sourcecode.swift; path = FavoriteDBManager.swift; sourceTree = "<group>"; };
		8288A5B6287C82910098CB8E /* FavoriteViewController.swift */ = {isa = PBXFileReference; lastKnownFileType = sourcecode.swift; path = FavoriteViewController.swift; sourceTree = "<group>"; };
		8288A5B7287C82910098CB8E /* FavoriteViewController.xib */ = {isa = PBXFileReference; lastKnownFileType = file.xib; path = FavoriteViewController.xib; sourceTree = "<group>"; };
		8288A5BE287C83CE0098CB8E /* FavoriteTableViewCell.swift */ = {isa = PBXFileReference; lastKnownFileType = sourcecode.swift; path = FavoriteTableViewCell.swift; sourceTree = "<group>"; };
		8288A5BF287C83CE0098CB8E /* FavoriteTableViewCell.xib */ = {isa = PBXFileReference; lastKnownFileType = file.xib; path = FavoriteTableViewCell.xib; sourceTree = "<group>"; };
		8288A5C2287CA5C90098CB8E /* Extension.swift */ = {isa = PBXFileReference; lastKnownFileType = sourcecode.swift; path = Extension.swift; sourceTree = "<group>"; };
		82924A7C287B980F00C7DD36 /* CustomerModel.swift */ = {isa = PBXFileReference; lastKnownFileType = sourcecode.swift; path = CustomerModel.swift; sourceTree = "<group>"; };
		82924A7E287B99C200C7DD36 /* Decoder.swift */ = {isa = PBXFileReference; lastKnownFileType = sourcecode.swift; path = Decoder.swift; sourceTree = "<group>"; };
		A84A19B8286CF4D8002CEFC3 /* shoppingCartItem.swift */ = {isa = PBXFileReference; lastKnownFileType = sourcecode.swift; path = shoppingCartItem.swift; sourceTree = "<group>"; };
		A889F1992870F61F00B5DF34 /* ApiServices.swift */ = {isa = PBXFileReference; lastKnownFileType = sourcecode.swift; path = ApiServices.swift; sourceTree = "<group>"; };
		A889F19B2870F63500B5DF34 /* NetworkManager.swift */ = {isa = PBXFileReference; lastKnownFileType = sourcecode.swift; path = NetworkManager.swift; sourceTree = "<group>"; };
		A889F19D2870F64000B5DF34 /* Urls.swift */ = {isa = PBXFileReference; lastKnownFileType = sourcecode.swift; path = Urls.swift; sourceTree = "<group>"; };
		A889F19F2870F7C900B5DF34 /* Alert.swift */ = {isa = PBXFileReference; lastKnownFileType = sourcecode.swift; path = Alert.swift; sourceTree = "<group>"; };
		A889F1A12870F84D00B5DF34 /* Views.swift */ = {isa = PBXFileReference; lastKnownFileType = sourcecode.swift; path = Views.swift; sourceTree = "<group>"; };
		A889F1A32870F87600B5DF34 /* Reachability.swift */ = {isa = PBXFileReference; lastKnownFileType = sourcecode.swift; path = Reachability.swift; sourceTree = "<group>"; };
		A8973CF9286E22DD001A3A8D /* PaymentMethodsViewController.swift */ = {isa = PBXFileReference; lastKnownFileType = sourcecode.swift; path = PaymentMethodsViewController.swift; sourceTree = "<group>"; };
		A8973CFA286E22DD001A3A8D /* PaymentMethodsViewController.xib */ = {isa = PBXFileReference; lastKnownFileType = file.xib; path = PaymentMethodsViewController.xib; sourceTree = "<group>"; };
		A8AB2D132871B2EA00808A59 /* CustomersModel.swift */ = {isa = PBXFileReference; lastKnownFileType = sourcecode.swift; path = CustomersModel.swift; sourceTree = "<group>"; };
		A8AB2D152871EA1100808A59 /* discountCodeModel.swift */ = {isa = PBXFileReference; lastKnownFileType = sourcecode.swift; path = discountCodeModel.swift; sourceTree = "<group>"; };
		A8AB2D172871EF8100808A59 /* discountCodeViewModel.swift */ = {isa = PBXFileReference; lastKnownFileType = sourcecode.swift; path = discountCodeViewModel.swift; sourceTree = "<group>"; };
		A8B4A712287472B00090E387 /* NetworkManagerMock.swift */ = {isa = PBXFileReference; lastKnownFileType = sourcecode.swift; path = NetworkManagerMock.swift; sourceTree = "<group>"; };
		A8BD82AC286F3588000DA1E6 /* SettingsViewController.swift */ = {isa = PBXFileReference; lastKnownFileType = sourcecode.swift; path = SettingsViewController.swift; sourceTree = "<group>"; };
		A8BD82AD286F3588000DA1E6 /* SettingsViewController.xib */ = {isa = PBXFileReference; lastKnownFileType = file.xib; path = SettingsViewController.xib; sourceTree = "<group>"; };
		A8BD82B0286F35B8000DA1E6 /* AddNewAddressViewController.swift */ = {isa = PBXFileReference; lastKnownFileType = sourcecode.swift; path = AddNewAddressViewController.swift; sourceTree = "<group>"; };
		A8BD82B1286F35B8000DA1E6 /* AddNewAddressViewController.xib */ = {isa = PBXFileReference; lastKnownFileType = file.xib; path = AddNewAddressViewController.xib; sourceTree = "<group>"; };
		A8BD82B4286F35DB000DA1E6 /* ListOfAddressesViewController.swift */ = {isa = PBXFileReference; lastKnownFileType = sourcecode.swift; path = ListOfAddressesViewController.swift; sourceTree = "<group>"; };
		A8BD82B5286F35DB000DA1E6 /* ListOfAddressesViewController.xib */ = {isa = PBXFileReference; lastKnownFileType = file.xib; path = ListOfAddressesViewController.xib; sourceTree = "<group>"; };
		A8BD82B8286F5525000DA1E6 /* addressTableViewCell.swift */ = {isa = PBXFileReference; lastKnownFileType = sourcecode.swift; path = addressTableViewCell.swift; sourceTree = "<group>"; };
		A8BD82B9286F5525000DA1E6 /* addressTableViewCell.xib */ = {isa = PBXFileReference; lastKnownFileType = file.xib; path = addressTableViewCell.xib; sourceTree = "<group>"; };
		A8BF41562873786300317979 /* AddressViewModel.swift */ = {isa = PBXFileReference; lastKnownFileType = sourcecode.swift; path = AddressViewModel.swift; sourceTree = "<group>"; };
		A8C051E4287708DA00C08A45 /* ItemsCollectionViewCell.swift */ = {isa = PBXFileReference; lastKnownFileType = sourcecode.swift; path = ItemsCollectionViewCell.swift; sourceTree = "<group>"; };
		A8C051E5287708DA00C08A45 /* ItemsCollectionViewCell.xib */ = {isa = PBXFileReference; lastKnownFileType = file.xib; path = ItemsCollectionViewCell.xib; sourceTree = "<group>"; };
		A8CB524728706191000366BE /* ShoppingCartDBManager.swift */ = {isa = PBXFileReference; lastKnownFileType = sourcecode.swift; path = ShoppingCartDBManager.swift; sourceTree = "<group>"; };
		A8CCBC8928764B7200E32B4B /* LoginViewController.swift */ = {isa = PBXFileReference; fileEncoding = 4; lastKnownFileType = sourcecode.swift; path = LoginViewController.swift; sourceTree = "<group>"; };
		A8CCBC8A28764B7200E32B4B /* LoginViewController.xib */ = {isa = PBXFileReference; fileEncoding = 4; lastKnownFileType = file.xib; path = LoginViewController.xib; sourceTree = "<group>"; };
		A8CCBC8B28764B7200E32B4B /* RgisterViewController.swift */ = {isa = PBXFileReference; fileEncoding = 4; lastKnownFileType = sourcecode.swift; path = RgisterViewController.swift; sourceTree = "<group>"; };
		A8CCBC8C28764B7200E32B4B /* RgisterViewController.xib */ = {isa = PBXFileReference; fileEncoding = 4; lastKnownFileType = file.xib; path = RgisterViewController.xib; sourceTree = "<group>"; };
		A8CCBC9128764BD400E32B4B /* ProductInfoViewController.xib */ = {isa = PBXFileReference; fileEncoding = 4; lastKnownFileType = file.xib; path = ProductInfoViewController.xib; sourceTree = "<group>"; };
		A8CCBC9228764BD400E32B4B /* ProductCollectionViewCell.xib */ = {isa = PBXFileReference; fileEncoding = 4; lastKnownFileType = file.xib; path = ProductCollectionViewCell.xib; sourceTree = "<group>"; };
		A8CCBC9328764BD400E32B4B /* ProductCollectionViewCell.swift */ = {isa = PBXFileReference; fileEncoding = 4; lastKnownFileType = sourcecode.swift; path = ProductCollectionViewCell.swift; sourceTree = "<group>"; };
		A8CCBC9428764BD400E32B4B /* ProductInfoViewController.swift */ = {isa = PBXFileReference; fileEncoding = 4; lastKnownFileType = sourcecode.swift; path = ProductInfoViewController.swift; sourceTree = "<group>"; };
		A8D6E909286C31B400AF555B /* All-In.app */ = {isa = PBXFileReference; explicitFileType = wrapper.application; includeInIndex = 0; path = "All-In.app"; sourceTree = BUILT_PRODUCTS_DIR; };
		A8D6E90C286C31B400AF555B /* AppDelegate.swift */ = {isa = PBXFileReference; lastKnownFileType = sourcecode.swift; path = AppDelegate.swift; sourceTree = "<group>"; };
		A8D6E90E286C31B400AF555B /* SceneDelegate.swift */ = {isa = PBXFileReference; lastKnownFileType = sourcecode.swift; path = SceneDelegate.swift; sourceTree = "<group>"; };
		A8D6E910286C31B400AF555B /* ViewController.swift */ = {isa = PBXFileReference; lastKnownFileType = sourcecode.swift; path = ViewController.swift; sourceTree = "<group>"; };
		A8D6E913286C31B400AF555B /* Base */ = {isa = PBXFileReference; lastKnownFileType = file.storyboard; name = Base; path = Base.lproj/Main.storyboard; sourceTree = "<group>"; };
		A8D6E916286C31B400AF555B /* All_In.xcdatamodel */ = {isa = PBXFileReference; lastKnownFileType = wrapper.xcdatamodel; path = All_In.xcdatamodel; sourceTree = "<group>"; };
		A8D6E918286C31B500AF555B /* Assets.xcassets */ = {isa = PBXFileReference; lastKnownFileType = folder.assetcatalog; path = Assets.xcassets; sourceTree = "<group>"; };
		A8D6E91B286C31B500AF555B /* Base */ = {isa = PBXFileReference; lastKnownFileType = file.storyboard; name = Base; path = Base.lproj/LaunchScreen.storyboard; sourceTree = "<group>"; };
		A8D6E91D286C31B500AF555B /* Info.plist */ = {isa = PBXFileReference; lastKnownFileType = text.plist.xml; path = Info.plist; sourceTree = "<group>"; };
		A8D6E922286C31B500AF555B /* All-InTests.xctest */ = {isa = PBXFileReference; explicitFileType = wrapper.cfbundle; includeInIndex = 0; path = "All-InTests.xctest"; sourceTree = BUILT_PRODUCTS_DIR; };
		A8D6E926286C31B500AF555B /* All_InTests.swift */ = {isa = PBXFileReference; lastKnownFileType = sourcecode.swift; path = All_InTests.swift; sourceTree = "<group>"; };
		A8D6E92C286C31B500AF555B /* All-InUITests.xctest */ = {isa = PBXFileReference; explicitFileType = wrapper.cfbundle; includeInIndex = 0; path = "All-InUITests.xctest"; sourceTree = BUILT_PRODUCTS_DIR; };
		A8D6E930286C31B500AF555B /* All_InUITests.swift */ = {isa = PBXFileReference; lastKnownFileType = sourcecode.swift; path = All_InUITests.swift; sourceTree = "<group>"; };
		A8D6E932286C31B500AF555B /* All_InUITestsLaunchTests.swift */ = {isa = PBXFileReference; lastKnownFileType = sourcecode.swift; path = All_InUITestsLaunchTests.swift; sourceTree = "<group>"; };
		A8D6E94F286C6C0E00AF555B /* TabBarController.swift */ = {isa = PBXFileReference; lastKnownFileType = sourcecode.swift; path = TabBarController.swift; sourceTree = "<group>"; };
		A8D6E951286C713900AF555B /* PaymentViewController.swift */ = {isa = PBXFileReference; lastKnownFileType = sourcecode.swift; path = PaymentViewController.swift; sourceTree = "<group>"; };
		A8D6E952286C713900AF555B /* PaymentViewController.xib */ = {isa = PBXFileReference; lastKnownFileType = file.xib; path = PaymentViewController.xib; sourceTree = "<group>"; };
		A8D6E958286C82B500AF555B /* ShoppingCartViewController.swift */ = {isa = PBXFileReference; lastKnownFileType = sourcecode.swift; path = ShoppingCartViewController.swift; sourceTree = "<group>"; };
		A8D6E959286C82B500AF555B /* ShoppingCartViewController.xib */ = {isa = PBXFileReference; lastKnownFileType = file.xib; path = ShoppingCartViewController.xib; sourceTree = "<group>"; };
		A8D6E970286CDBB500AF555B /* ShoppingCartTableViewCell.swift */ = {isa = PBXFileReference; lastKnownFileType = sourcecode.swift; path = ShoppingCartTableViewCell.swift; sourceTree = "<group>"; };
		A8D6E971286CDBB500AF555B /* ShoppingCartTableViewCell.xib */ = {isa = PBXFileReference; lastKnownFileType = file.xib; path = ShoppingCartTableViewCell.xib; sourceTree = "<group>"; };
		B6482C8FE3ABBB6DA8DA5BE8 /* Pods-All-In.debug.xcconfig */ = {isa = PBXFileReference; includeInIndex = 1; lastKnownFileType = text.xcconfig; name = "Pods-All-In.debug.xcconfig"; path = "Target Support Files/Pods-All-In/Pods-All-In.debug.xcconfig"; sourceTree = "<group>"; };
		CE839D0F83352AE12F2CD405 /* Pods_All_In.framework */ = {isa = PBXFileReference; explicitFileType = wrapper.framework; includeInIndex = 0; path = Pods_All_In.framework; sourceTree = BUILT_PRODUCTS_DIR; };
		D7A85BC16B24DAD4443D49F4 /* Pods-All-InTests.release.xcconfig */ = {isa = PBXFileReference; includeInIndex = 1; lastKnownFileType = text.xcconfig; name = "Pods-All-InTests.release.xcconfig"; path = "Target Support Files/Pods-All-InTests/Pods-All-InTests.release.xcconfig"; sourceTree = "<group>"; };
		EAF6D7B615256161B6D10F1C /* Pods-All-InTests.debug.xcconfig */ = {isa = PBXFileReference; includeInIndex = 1; lastKnownFileType = text.xcconfig; name = "Pods-All-InTests.debug.xcconfig"; path = "Target Support Files/Pods-All-InTests/Pods-All-InTests.debug.xcconfig"; sourceTree = "<group>"; };
		F0E2D93E795FC36095F178B4 /* Pods-All-In.release.xcconfig */ = {isa = PBXFileReference; includeInIndex = 1; lastKnownFileType = text.xcconfig; name = "Pods-All-In.release.xcconfig"; path = "Target Support Files/Pods-All-In/Pods-All-In.release.xcconfig"; sourceTree = "<group>"; };
/* End PBXFileReference section */

/* Begin PBXFrameworksBuildPhase section */
		A8D6E906286C31B400AF555B /* Frameworks */ = {
			isa = PBXFrameworksBuildPhase;
			buildActionMask = 2147483647;
			files = (
				BB1FFBC87161AAB7DD096417 /* Pods_All_In.framework in Frameworks */,
			);
			runOnlyForDeploymentPostprocessing = 0;
		};
		A8D6E91F286C31B500AF555B /* Frameworks */ = {
			isa = PBXFrameworksBuildPhase;
			buildActionMask = 2147483647;
			files = (
				133301A67BDB4333FD7D4B63 /* Pods_All_InTests.framework in Frameworks */,
			);
			runOnlyForDeploymentPostprocessing = 0;
		};
		A8D6E929286C31B500AF555B /* Frameworks */ = {
			isa = PBXFrameworksBuildPhase;
			buildActionMask = 2147483647;
			files = (
				F90D99C9ECACBC9E2C36CD78 /* Pods_All_In_All_InUITests.framework in Frameworks */,
			);
			runOnlyForDeploymentPostprocessing = 0;
		};
/* End PBXFrameworksBuildPhase section */

/* Begin PBXGroup section */
		106EA0CD57DC4E1436E38258 /* Frameworks */ = {
			isa = PBXGroup;
			children = (
				CE839D0F83352AE12F2CD405 /* Pods_All_In.framework */,
				70B47B04EC7F46A915E97F4C /* Pods_All_In_All_InUITests.framework */,
				07741E7A7B4311F2E38A5931 /* Pods_All_InTests.framework */,
			);
			name = Frameworks;
			sourceTree = "<group>";
		};
		437BCC28286F9AF900B96CFC /* OrdersView */ = {
			isa = PBXGroup;
			children = (
				4329D90B2872DA1D0033A36F /* ProfileViewController.xib */,
				437BCC3B28700CE900B96CFC /* OrdersViewController.xib */,
				43C28FB328711DF10014FE16 /* MyAccountViewController.swift */,
				4329D90E2872F8580033A36F /* OrdersTableViewCell.swift */,
				4329D90F2872F8580033A36F /* OrdersTableViewCell.xib */,
				4329D9162872FE540033A36F /* ProfileViewController.swift */,
				4397C60F287314C600215728 /* OrdersViewController.swift */,
				4397C610287314C600215728 /* MyAccountViewController.xib */,
			);
			path = OrdersView;
			sourceTree = "<group>";
		};
		437BCC29286F9B1400B96CFC /* OrdersModelView */ = {
			isa = PBXGroup;
			children = (
			);
			path = OrdersModelView;
			sourceTree = "<group>";
		};
		437BCC2A286F9B2700B96CFC /* OrdersModel */ = {
			isa = PBXGroup;
			children = (
			);
			path = OrdersModel;
			sourceTree = "<group>";
		};
		43EF41ED286E995100B7770C /* CategoriesView */ = {
			isa = PBXGroup;
			children = (
				43EF41F0286E99CD00B7770C /* CategoriesViewController.swift */,
				43EF41F1286E99CD00B7770C /* CategoriesViewController.xib */,
				43EF41F4286EC40400B7770C /* CategoryCollectionViewCell.swift */,
				43EF41F5286EC40400B7770C /* CategoryCollectionViewCell.xib */,
			);
			path = CategoriesView;
			sourceTree = "<group>";
		};
		43EF41EE286E996A00B7770C /* CategoriesModel */ = {
			isa = PBXGroup;
			children = (
				434E3E0C28745AA9000AE2AA /* CategoriesModel.swift */,
			);
			path = CategoriesModel;
			sourceTree = "<group>";
		};
		43EF41EF286E998300B7770C /* CategoriesViewModel */ = {
			isa = PBXGroup;
			children = (
				434E3E0E28746206000AE2AA /* CategoriesViewModel.swift */,
				434E3E1028746704000AE2AA /* CustomCollection.swift */,
			);
			path = CategoriesViewModel;
			sourceTree = "<group>";
		};
		43EF41F8286ECAE400B7770C /* BrandsView */ = {
			isa = PBXGroup;
			children = (
				43EF41FB286ECB3B00B7770C /* BrandsViewController.swift */,
				43EF41FC286ECB3B00B7770C /* BrandsViewController.xib */,
				438E57DD287525ED00531469 /* ProuctsBrandCollectionViewCell.swift */,
				438E57DE287525ED00531469 /* ProuctsBrandCollectionViewCell.xib */,
				438E57E12875312E00531469 /* BrandNameCollectionReusableView.swift */,
				438E57E22875312E00531469 /* BrandNameCollectionReusableView.xib */,
				438E57EF2875457D00531469 /* FillterTableViewCell.swift */,
				438E57F02875457D00531469 /* FillterTableViewCell.xib */,
				438E57F328755F9600531469 /* FilterViewController.swift */,
				438E57F428755F9600531469 /* FilterViewController.xib */,
				438E59DA287593CD00531469 /* FilterProtcol.swift */,
			);
			path = BrandsView;
			sourceTree = "<group>";
		};
		43EF41F9286ECAF600B7770C /* BrandsModelView */ = {
			isa = PBXGroup;
			children = (
				434E3E0A28742082000AE2AA /* BrandsModelView.swift */,
			);
			path = BrandsModelView;
			sourceTree = "<group>";
		};
		43EF41FA286ECB0400B7770C /* BrandsModel */ = {
			isa = PBXGroup;
			children = (
				434E3E08287415F4000AE2AA /* Products.swift */,
			);
			path = BrandsModel;
			sourceTree = "<group>";
		};
		43FDEB21286D7935005C93B9 /* HomeModel */ = {
			isa = PBXGroup;
			children = (
				43EF41FF286EE8B900B7770C /* HomeModel.swift */,
			);
			path = HomeModel;
			sourceTree = "<group>";
		};
		43FDEB22286D7974005C93B9 /* HomeViewModel */ = {
			isa = PBXGroup;
			children = (
				432B42AC2873AE3300AEA340 /* HomeViewModel.swift */,
			);
			path = HomeViewModel;
			sourceTree = "<group>";
		};
		43FDEB23286D7985005C93B9 /* HomeView */ = {
			isa = PBXGroup;
			children = (
				43FDEB24286D7A24005C93B9 /* HomeViewController.swift */,
				43FDEB25286D7A24005C93B9 /* HomeViewController.xib */,
				43FDEB28286D80FA005C93B9 /* BrandsCollectionViewCell.swift */,
				43FDEB29286D80FA005C93B9 /* BrandsCollectionViewCell.xib */,
				437BCC3728700B1900B96CFC /* LayerBorder.swift */,
				43C28FBB28713A650014FE16 /* AdsCollectionViewCell.swift */,
				43C28FBC28713A650014FE16 /* AdsCollectionViewCell.xib */,
			);
			path = HomeView;
			sourceTree = "<group>";
		};
		7B4DEAF3FDD648ACDD3E8F19 /* Pods */ = {
			isa = PBXGroup;
			children = (
				B6482C8FE3ABBB6DA8DA5BE8 /* Pods-All-In.debug.xcconfig */,
				F0E2D93E795FC36095F178B4 /* Pods-All-In.release.xcconfig */,
				5FE5CE26FCFDC3CAF6DB6A18 /* Pods-All-In-All-InUITests.debug.xcconfig */,
				041C67BF5EF4BEB2EA86279E /* Pods-All-In-All-InUITests.release.xcconfig */,
				EAF6D7B615256161B6D10F1C /* Pods-All-InTests.debug.xcconfig */,
				D7A85BC16B24DAD4443D49F4 /* Pods-All-InTests.release.xcconfig */,
			);
			path = Pods;
			sourceTree = "<group>";
		};
		820A8F8F2878544200D13A0A /* FavoriteView */ = {
			isa = PBXGroup;
			children = (
				8288A5B6287C82910098CB8E /* FavoriteViewController.swift */,
				8288A5B7287C82910098CB8E /* FavoriteViewController.xib */,
				8288A5BE287C83CE0098CB8E /* FavoriteTableViewCell.swift */,
				8288A5BF287C83CE0098CB8E /* FavoriteTableViewCell.xib */,
			);
			path = FavoriteView;
			sourceTree = "<group>";
		};
		820A8F902878548A00D13A0A /* FavoriteDB */ = {
			isa = PBXGroup;
			children = (
				820A8F91287854F500D13A0A /* FavoriteDBManager.swift */,
			);
			path = FavoriteDB;
			sourceTree = "<group>";
		};
		824E2FE1287752450022633D /* Favorites */ = {
			isa = PBXGroup;
			children = (
				820A8F902878548A00D13A0A /* FavoriteDB */,
				820A8F8F2878544200D13A0A /* FavoriteView */,
			);
			path = Favorites;
			sourceTree = "<group>";
		};
		82924A7A287B97EC00C7DD36 /* View */ = {
			isa = PBXGroup;
			children = (
				A8CCBC8928764B7200E32B4B /* LoginViewController.swift */,
				A8CCBC8A28764B7200E32B4B /* LoginViewController.xib */,
				A8CCBC8C28764B7200E32B4B /* RgisterViewController.xib */,
				A8CCBC8B28764B7200E32B4B /* RgisterViewController.swift */,
			);
			path = View;
			sourceTree = "<group>";
		};
		82924A7B287B97FC00C7DD36 /* Model */ = {
			isa = PBXGroup;
			children = (
				82924A7C287B980F00C7DD36 /* CustomerModel.swift */,
			);
			path = Model;
			sourceTree = "<group>";
		};
		A889F1982870F5DD00B5DF34 /* Networking */ = {
			isa = PBXGroup;
			children = (
				A889F1992870F61F00B5DF34 /* ApiServices.swift */,
				A889F19B2870F63500B5DF34 /* NetworkManager.swift */,
				A889F19D2870F64000B5DF34 /* Urls.swift */,
				82924A7E287B99C200C7DD36 /* Decoder.swift */,
			);
			path = Networking;
			sourceTree = "<group>";
		};
		A8AB2D112871B2B800808A59 /* SettingsModel */ = {
			isa = PBXGroup;
			children = (
				A8AB2D132871B2EA00808A59 /* CustomersModel.swift */,
			);
			path = SettingsModel;
			sourceTree = "<group>";
		};
		A8AB2D122871B2CD00808A59 /* SettingsViewModel */ = {
			isa = PBXGroup;
			children = (
				A8BF41562873786300317979 /* AddressViewModel.swift */,
			);
			path = SettingsViewModel;
			sourceTree = "<group>";
		};
		A8B4A7112874725F0090E387 /* Mocks */ = {
			isa = PBXGroup;
			children = (
				A8B4A712287472B00090E387 /* NetworkManagerMock.swift */,
			);
			path = Mocks;
			sourceTree = "<group>";
		};
		A8BD82AB286F3539000DA1E6 /* SettingsView */ = {
			isa = PBXGroup;
			children = (
				A8BD82AC286F3588000DA1E6 /* SettingsViewController.swift */,
				A8BD82AD286F3588000DA1E6 /* SettingsViewController.xib */,
				A8BD82B0286F35B8000DA1E6 /* AddNewAddressViewController.swift */,
				A8BD82B1286F35B8000DA1E6 /* AddNewAddressViewController.xib */,
				A8BD82B4286F35DB000DA1E6 /* ListOfAddressesViewController.swift */,
				A8BD82B5286F35DB000DA1E6 /* ListOfAddressesViewController.xib */,
				A8BD82B8286F5525000DA1E6 /* addressTableViewCell.swift */,
				A8BD82B9286F5525000DA1E6 /* addressTableViewCell.xib */,
			);
			path = SettingsView;
			sourceTree = "<group>";
		};
		A8CB5246287060A8000366BE /* ShoppingCartDB */ = {
			isa = PBXGroup;
			children = (
				A8CB524728706191000366BE /* ShoppingCartDBManager.swift */,
			);
			path = ShoppingCartDB;
			sourceTree = "<group>";
		};
		A8D6E900286C31B400AF555B = {
			isa = PBXGroup;
			children = (
				A8D6E90B286C31B400AF555B /* All-In */,
				A8D6E925286C31B500AF555B /* All-InTests */,
				A8D6E92F286C31B500AF555B /* All-InUITests */,
				A8D6E90A286C31B400AF555B /* Products */,
				7B4DEAF3FDD648ACDD3E8F19 /* Pods */,
				106EA0CD57DC4E1436E38258 /* Frameworks */,
			);
			sourceTree = "<group>";
		};
		A8D6E90A286C31B400AF555B /* Products */ = {
			isa = PBXGroup;
			children = (
				A8D6E909286C31B400AF555B /* All-In.app */,
				A8D6E922286C31B500AF555B /* All-InTests.xctest */,
				A8D6E92C286C31B500AF555B /* All-InUITests.xctest */,
			);
			name = Products;
			sourceTree = "<group>";
		};
		A8D6E90B286C31B400AF555B /* All-In */ = {
			isa = PBXGroup;
			children = (
				A8D6E942286C326800AF555B /* Modules */,
				A8D6E90C286C31B400AF555B /* AppDelegate.swift */,
				A8D6E90E286C31B400AF555B /* SceneDelegate.swift */,
				A8D6E910286C31B400AF555B /* ViewController.swift */,
				A8D6E912286C31B400AF555B /* Main.storyboard */,
				437BCC2F286FB42500B96CFC /* NavigationViewController.swift */,
				A8D6E918286C31B500AF555B /* Assets.xcassets */,
				A8D6E91A286C31B500AF555B /* LaunchScreen.storyboard */,
				A8D6E91D286C31B500AF555B /* Info.plist */,
				A8D6E915286C31B400AF555B /* All_In.xcdatamodeld */,
			);
			path = "All-In";
			sourceTree = "<group>";
		};
		A8D6E925286C31B500AF555B /* All-InTests */ = {
			isa = PBXGroup;
			children = (
				A8B4A7112874725F0090E387 /* Mocks */,
				A8D6E926286C31B500AF555B /* All_InTests.swift */,
			);
			path = "All-InTests";
			sourceTree = "<group>";
		};
		A8D6E92F286C31B500AF555B /* All-InUITests */ = {
			isa = PBXGroup;
			children = (
				A8D6E930286C31B500AF555B /* All_InUITests.swift */,
				A8D6E932286C31B500AF555B /* All_InUITestsLaunchTests.swift */,
			);
			path = "All-InUITests";
			sourceTree = "<group>";
		};
		A8D6E93F286C31EB00AF555B /* HomeScreen */ = {
			isa = PBXGroup;
			children = (
				43FDEB23286D7985005C93B9 /* HomeView */,
				43FDEB21286D7935005C93B9 /* HomeModel */,
				43FDEB22286D7974005C93B9 /* HomeViewModel */,
			);
			path = HomeScreen;
			sourceTree = "<group>";
		};
		A8D6E941286C324D00AF555B /* Orders */ = {
			isa = PBXGroup;
			children = (
				A8D6E943286C652200AF555B /* Categories */,
				437BCC2A286F9B2700B96CFC /* OrdersModel */,
				437BCC29286F9B1400B96CFC /* OrdersModelView */,
				437BCC28286F9AF900B96CFC /* OrdersView */,
			);
			path = Orders;
			sourceTree = "<group>";
		};
		A8D6E942286C326800AF555B /* Modules */ = {
			isa = PBXGroup;
			children = (
				824E2FE1287752450022633D /* Favorites */,
				A8D6E963286CA4E200AF555B /* Extensions */,
				A889F1982870F5DD00B5DF34 /* Networking */,
				A8D6E94E286C6B9D00AF555B /* Tabbar */,
				A8D6E94A286C667100AF555B /* Auth */,
				A8D6E948286C664F00AF555B /* ProductInfo */,
				A8D6E947286C663800AF555B /* Settings */,
				A8D6E946286C662800AF555B /* Payment */,
				A8D6E945286C661700AF555B /* ShoppingCart */,
				A8D6E944286C660800AF555B /* Brands */,
				A8D6E93F286C31EB00AF555B /* HomeScreen */,
				A8D6E941286C324D00AF555B /* Orders */,
			);
			path = Modules;
			sourceTree = "<group>";
		};
		A8D6E943286C652200AF555B /* Categories */ = {
			isa = PBXGroup;
			children = (
				43EF41ED286E995100B7770C /* CategoriesView */,
				43EF41EF286E998300B7770C /* CategoriesViewModel */,
				43EF41EE286E996A00B7770C /* CategoriesModel */,
			);
			path = Categories;
			sourceTree = "<group>";
		};
		A8D6E944286C660800AF555B /* Brands */ = {
			isa = PBXGroup;
			children = (
				43EF41F8286ECAE400B7770C /* BrandsView */,
				43EF41F9286ECAF600B7770C /* BrandsModelView */,
				43EF41FA286ECB0400B7770C /* BrandsModel */,
			);
			path = Brands;
			sourceTree = "<group>";
		};
		A8D6E945286C661700AF555B /* ShoppingCart */ = {
			isa = PBXGroup;
			children = (
				A8CB5246287060A8000366BE /* ShoppingCartDB */,
				A8D6E957286C826F00AF555B /* ShoppingCartViewModel */,
				A8D6E956286C826000AF555B /* ShoppingCartModel */,
				A8D6E955286C824E00AF555B /* ShoppingCartView */,
			);
			path = ShoppingCart;
			sourceTree = "<group>";
		};
		A8D6E946286C662800AF555B /* Payment */ = {
			isa = PBXGroup;
			children = (
				A8D6E94C286C6B5500AF555B /* PaymentView */,
				A8D6E94B286C6AFC00AF555B /* PaymentModel */,
				A8D6E94D286C6B6A00AF555B /* PaymentViewModel */,
			);
			path = Payment;
			sourceTree = "<group>";
		};
		A8D6E947286C663800AF555B /* Settings */ = {
			isa = PBXGroup;
			children = (
				A8AB2D122871B2CD00808A59 /* SettingsViewModel */,
				A8AB2D112871B2B800808A59 /* SettingsModel */,
				A8BD82AB286F3539000DA1E6 /* SettingsView */,
			);
			path = Settings;
			sourceTree = "<group>";
		};
		A8D6E948286C664F00AF555B /* ProductInfo */ = {
			isa = PBXGroup;
			children = (
				A8CCBC9328764BD400E32B4B /* ProductCollectionViewCell.swift */,
				A8CCBC9228764BD400E32B4B /* ProductCollectionViewCell.xib */,
				A8CCBC9428764BD400E32B4B /* ProductInfoViewController.swift */,
				A8CCBC9128764BD400E32B4B /* ProductInfoViewController.xib */,
			);
			path = ProductInfo;
			sourceTree = "<group>";
		};
		A8D6E94A286C667100AF555B /* Auth */ = {
			isa = PBXGroup;
			children = (
				82924A7B287B97FC00C7DD36 /* Model */,
				82924A7A287B97EC00C7DD36 /* View */,
			);
			path = Auth;
			sourceTree = "<group>";
		};
		A8D6E94B286C6AFC00AF555B /* PaymentModel */ = {
			isa = PBXGroup;
			children = (
				A8AB2D152871EA1100808A59 /* discountCodeModel.swift */,
			);
			path = PaymentModel;
			sourceTree = "<group>";
		};
		A8D6E94C286C6B5500AF555B /* PaymentView */ = {
			isa = PBXGroup;
			children = (
				A8D6E951286C713900AF555B /* PaymentViewController.swift */,
				A8D6E952286C713900AF555B /* PaymentViewController.xib */,
				A8973CF9286E22DD001A3A8D /* PaymentMethodsViewController.swift */,
				A8973CFA286E22DD001A3A8D /* PaymentMethodsViewController.xib */,
				A8C051E4287708DA00C08A45 /* ItemsCollectionViewCell.swift */,
				A8C051E5287708DA00C08A45 /* ItemsCollectionViewCell.xib */,
			);
			path = PaymentView;
			sourceTree = "<group>";
		};
		A8D6E94D286C6B6A00AF555B /* PaymentViewModel */ = {
			isa = PBXGroup;
			children = (
				A8AB2D172871EF8100808A59 /* discountCodeViewModel.swift */,
			);
			path = PaymentViewModel;
			sourceTree = "<group>";
		};
		A8D6E94E286C6B9D00AF555B /* Tabbar */ = {
			isa = PBXGroup;
			children = (
				A8D6E94F286C6C0E00AF555B /* TabBarController.swift */,
			);
			path = Tabbar;
			sourceTree = "<group>";
		};
		A8D6E955286C824E00AF555B /* ShoppingCartView */ = {
			isa = PBXGroup;
			children = (
				A8D6E958286C82B500AF555B /* ShoppingCartViewController.swift */,
				A8D6E959286C82B500AF555B /* ShoppingCartViewController.xib */,
				A8D6E970286CDBB500AF555B /* ShoppingCartTableViewCell.swift */,
				A8D6E971286CDBB500AF555B /* ShoppingCartTableViewCell.xib */,
			);
			path = ShoppingCartView;
			sourceTree = "<group>";
		};
		A8D6E956286C826000AF555B /* ShoppingCartModel */ = {
			isa = PBXGroup;
			children = (
				A84A19B8286CF4D8002CEFC3 /* shoppingCartItem.swift */,
			);
			path = ShoppingCartModel;
			sourceTree = "<group>";
		};
		A8D6E957286C826F00AF555B /* ShoppingCartViewModel */ = {
			isa = PBXGroup;
			children = (
			);
			path = ShoppingCartViewModel;
			sourceTree = "<group>";
		};
		A8D6E963286CA4E200AF555B /* Extensions */ = {
			isa = PBXGroup;
			children = (
				A889F19F2870F7C900B5DF34 /* Alert.swift */,
				A889F1A12870F84D00B5DF34 /* Views.swift */,
				A889F1A32870F87600B5DF34 /* Reachability.swift */,
				8288A5C2287CA5C90098CB8E /* Extension.swift */,
			);
			path = Extensions;
			sourceTree = "<group>";
		};
/* End PBXGroup section */

/* Begin PBXNativeTarget section */
		A8D6E908286C31B400AF555B /* All-In */ = {
			isa = PBXNativeTarget;
			buildConfigurationList = A8D6E936286C31B500AF555B /* Build configuration list for PBXNativeTarget "All-In" */;
			buildPhases = (
				38592C0E153ABB501CE2E7BA /* [CP] Check Pods Manifest.lock */,
				A8D6E905286C31B400AF555B /* Sources */,
				A8D6E906286C31B400AF555B /* Frameworks */,
				A8D6E907286C31B400AF555B /* Resources */,
				A1223C9706C5CA0FB9825D52 /* [CP] Embed Pods Frameworks */,
			);
			buildRules = (
			);
			dependencies = (
			);
			name = "All-In";
			productName = "All-In";
			productReference = A8D6E909286C31B400AF555B /* All-In.app */;
			productType = "com.apple.product-type.application";
		};
		A8D6E921286C31B500AF555B /* All-InTests */ = {
			isa = PBXNativeTarget;
			buildConfigurationList = A8D6E939286C31B500AF555B /* Build configuration list for PBXNativeTarget "All-InTests" */;
			buildPhases = (
				F39948D071EBE4B08124BA02 /* [CP] Check Pods Manifest.lock */,
				A8D6E91E286C31B500AF555B /* Sources */,
				A8D6E91F286C31B500AF555B /* Frameworks */,
				A8D6E920286C31B500AF555B /* Resources */,
			);
			buildRules = (
			);
			dependencies = (
				A8D6E924286C31B500AF555B /* PBXTargetDependency */,
			);
			name = "All-InTests";
			productName = "All-InTests";
			productReference = A8D6E922286C31B500AF555B /* All-InTests.xctest */;
			productType = "com.apple.product-type.bundle.unit-test";
		};
		A8D6E92B286C31B500AF555B /* All-InUITests */ = {
			isa = PBXNativeTarget;
			buildConfigurationList = A8D6E93C286C31B500AF555B /* Build configuration list for PBXNativeTarget "All-InUITests" */;
			buildPhases = (
				6283D6FC8C453A9FE90E7FAD /* [CP] Check Pods Manifest.lock */,
				A8D6E928286C31B500AF555B /* Sources */,
				A8D6E929286C31B500AF555B /* Frameworks */,
				A8D6E92A286C31B500AF555B /* Resources */,
				D9A6BC7E83BC3F372D8A8EFA /* [CP] Embed Pods Frameworks */,
			);
			buildRules = (
			);
			dependencies = (
				A8D6E92E286C31B500AF555B /* PBXTargetDependency */,
			);
			name = "All-InUITests";
			productName = "All-InUITests";
			productReference = A8D6E92C286C31B500AF555B /* All-InUITests.xctest */;
			productType = "com.apple.product-type.bundle.ui-testing";
		};
/* End PBXNativeTarget section */

/* Begin PBXProject section */
		A8D6E901286C31B400AF555B /* Project object */ = {
			isa = PBXProject;
			attributes = {
				BuildIndependentTargetsInParallel = 1;
				LastSwiftUpdateCheck = 1330;
				LastUpgradeCheck = 1320;
				TargetAttributes = {
					A8D6E908286C31B400AF555B = {
						CreatedOnToolsVersion = 13.3.1;
					};
					A8D6E921286C31B500AF555B = {
						CreatedOnToolsVersion = 13.3.1;
						TestTargetID = A8D6E908286C31B400AF555B;
					};
					A8D6E92B286C31B500AF555B = {
						CreatedOnToolsVersion = 13.3.1;
						TestTargetID = A8D6E908286C31B400AF555B;
					};
				};
			};
			buildConfigurationList = A8D6E904286C31B400AF555B /* Build configuration list for PBXProject "All-In" */;
			compatibilityVersion = "Xcode 13.0";
			developmentRegion = en;
			hasScannedForEncodings = 0;
			knownRegions = (
				en,
				Base,
			);
			mainGroup = A8D6E900286C31B400AF555B;
			productRefGroup = A8D6E90A286C31B400AF555B /* Products */;
			projectDirPath = "";
			projectRoot = "";
			targets = (
				A8D6E908286C31B400AF555B /* All-In */,
				A8D6E921286C31B500AF555B /* All-InTests */,
				A8D6E92B286C31B500AF555B /* All-InUITests */,
			);
		};
/* End PBXProject section */

/* Begin PBXResourcesBuildPhase section */
		A8D6E907286C31B400AF555B /* Resources */ = {
			isa = PBXResourcesBuildPhase;
			buildActionMask = 2147483647;
			files = (
				43EF41FE286ECB3B00B7770C /* BrandsViewController.xib in Resources */,
				A8BD82B7286F35DB000DA1E6 /* ListOfAddressesViewController.xib in Resources */,
				A8BD82B3286F35B8000DA1E6 /* AddNewAddressViewController.xib in Resources */,
				438E57F628755F9600531469 /* FilterViewController.xib in Resources */,
				A8CCBC9628764BD400E32B4B /* ProductCollectionViewCell.xib in Resources */,
				A8BD82AF286F3588000DA1E6 /* SettingsViewController.xib in Resources */,
				438E57E0287525EE00531469 /* ProuctsBrandCollectionViewCell.xib in Resources */,
				A8D6E91C286C31B500AF555B /* LaunchScreen.storyboard in Resources */,
				A8C051E7287708DA00C08A45 /* ItemsCollectionViewCell.xib in Resources */,
				A8CCBC9028764B7200E32B4B /* RgisterViewController.xib in Resources */,
				43EF41F3286E99CD00B7770C /* CategoriesViewController.xib in Resources */,
				A8CCBC8E28764B7200E32B4B /* LoginViewController.xib in Resources */,
				A8D6E919286C31B500AF555B /* Assets.xcassets in Resources */,
				A8BD82BB286F5525000DA1E6 /* addressTableViewCell.xib in Resources */,
				A8D6E914286C31B400AF555B /* Main.storyboard in Resources */,
				A8973CFC286E22DD001A3A8D /* PaymentMethodsViewController.xib in Resources */,
				4329D9112872F8580033A36F /* OrdersTableViewCell.xib in Resources */,
				A8D6E973286CDBB500AF555B /* ShoppingCartTableViewCell.xib in Resources */,
				438E57E42875312E00531469 /* BrandNameCollectionReusableView.xib in Resources */,
				A8D6E954286C713900AF555B /* PaymentViewController.xib in Resources */,
				437BCC3C28700CE900B96CFC /* OrdersViewController.xib in Resources */,
				43EF41F7286EC40500B7770C /* CategoryCollectionViewCell.xib in Resources */,
				43FDEB27286D7A24005C93B9 /* HomeViewController.xib in Resources */,
				43C28FBE28713A650014FE16 /* AdsCollectionViewCell.xib in Resources */,
				A8CCBC9528764BD400E32B4B /* ProductInfoViewController.xib in Resources */,
				43FDEB2B286D80FB005C93B9 /* BrandsCollectionViewCell.xib in Resources */,
				438E57F22875457D00531469 /* FillterTableViewCell.xib in Resources */,
				8288A5C1287C83CE0098CB8E /* FavoriteTableViewCell.xib in Resources */,
				8288A5B9287C82910098CB8E /* FavoriteViewController.xib in Resources */,
				4329D90D2872DA1D0033A36F /* ProfileViewController.xib in Resources */,
				4397C612287314C600215728 /* MyAccountViewController.xib in Resources */,
				A8D6E95B286C82B500AF555B /* ShoppingCartViewController.xib in Resources */,
			);
			runOnlyForDeploymentPostprocessing = 0;
		};
		A8D6E920286C31B500AF555B /* Resources */ = {
			isa = PBXResourcesBuildPhase;
			buildActionMask = 2147483647;
			files = (
			);
			runOnlyForDeploymentPostprocessing = 0;
		};
		A8D6E92A286C31B500AF555B /* Resources */ = {
			isa = PBXResourcesBuildPhase;
			buildActionMask = 2147483647;
			files = (
			);
			runOnlyForDeploymentPostprocessing = 0;
		};
/* End PBXResourcesBuildPhase section */

/* Begin PBXShellScriptBuildPhase section */
		38592C0E153ABB501CE2E7BA /* [CP] Check Pods Manifest.lock */ = {
			isa = PBXShellScriptBuildPhase;
			buildActionMask = 2147483647;
			files = (
			);
			inputFileListPaths = (
			);
			inputPaths = (
				"${PODS_PODFILE_DIR_PATH}/Podfile.lock",
				"${PODS_ROOT}/Manifest.lock",
			);
			name = "[CP] Check Pods Manifest.lock";
			outputFileListPaths = (
			);
			outputPaths = (
				"$(DERIVED_FILE_DIR)/Pods-All-In-checkManifestLockResult.txt",
			);
			runOnlyForDeploymentPostprocessing = 0;
			shellPath = /bin/sh;
			shellScript = "diff \"${PODS_PODFILE_DIR_PATH}/Podfile.lock\" \"${PODS_ROOT}/Manifest.lock\" > /dev/null\nif [ $? != 0 ] ; then\n    # print error to STDERR\n    echo \"error: The sandbox is not in sync with the Podfile.lock. Run 'pod install' or update your CocoaPods installation.\" >&2\n    exit 1\nfi\n# This output is used by Xcode 'outputs' to avoid re-running this script phase.\necho \"SUCCESS\" > \"${SCRIPT_OUTPUT_FILE_0}\"\n";
			showEnvVarsInLog = 0;
		};
		6283D6FC8C453A9FE90E7FAD /* [CP] Check Pods Manifest.lock */ = {
			isa = PBXShellScriptBuildPhase;
			buildActionMask = 2147483647;
			files = (
			);
			inputFileListPaths = (
			);
			inputPaths = (
				"${PODS_PODFILE_DIR_PATH}/Podfile.lock",
				"${PODS_ROOT}/Manifest.lock",
			);
			name = "[CP] Check Pods Manifest.lock";
			outputFileListPaths = (
			);
			outputPaths = (
				"$(DERIVED_FILE_DIR)/Pods-All-In-All-InUITests-checkManifestLockResult.txt",
			);
			runOnlyForDeploymentPostprocessing = 0;
			shellPath = /bin/sh;
			shellScript = "diff \"${PODS_PODFILE_DIR_PATH}/Podfile.lock\" \"${PODS_ROOT}/Manifest.lock\" > /dev/null\nif [ $? != 0 ] ; then\n    # print error to STDERR\n    echo \"error: The sandbox is not in sync with the Podfile.lock. Run 'pod install' or update your CocoaPods installation.\" >&2\n    exit 1\nfi\n# This output is used by Xcode 'outputs' to avoid re-running this script phase.\necho \"SUCCESS\" > \"${SCRIPT_OUTPUT_FILE_0}\"\n";
			showEnvVarsInLog = 0;
		};
		A1223C9706C5CA0FB9825D52 /* [CP] Embed Pods Frameworks */ = {
			isa = PBXShellScriptBuildPhase;
			buildActionMask = 2147483647;
			files = (
			);
			inputFileListPaths = (
				"${PODS_ROOT}/Target Support Files/Pods-All-In/Pods-All-In-frameworks-${CONFIGURATION}-input-files.xcfilelist",
			);
			name = "[CP] Embed Pods Frameworks";
			outputFileListPaths = (
				"${PODS_ROOT}/Target Support Files/Pods-All-In/Pods-All-In-frameworks-${CONFIGURATION}-output-files.xcfilelist",
			);
			runOnlyForDeploymentPostprocessing = 0;
			shellPath = /bin/sh;
			shellScript = "\"${PODS_ROOT}/Target Support Files/Pods-All-In/Pods-All-In-frameworks.sh\"\n";
			showEnvVarsInLog = 0;
		};
		D9A6BC7E83BC3F372D8A8EFA /* [CP] Embed Pods Frameworks */ = {
			isa = PBXShellScriptBuildPhase;
			buildActionMask = 2147483647;
			files = (
			);
			inputFileListPaths = (
				"${PODS_ROOT}/Target Support Files/Pods-All-In-All-InUITests/Pods-All-In-All-InUITests-frameworks-${CONFIGURATION}-input-files.xcfilelist",
			);
			name = "[CP] Embed Pods Frameworks";
			outputFileListPaths = (
				"${PODS_ROOT}/Target Support Files/Pods-All-In-All-InUITests/Pods-All-In-All-InUITests-frameworks-${CONFIGURATION}-output-files.xcfilelist",
			);
			runOnlyForDeploymentPostprocessing = 0;
			shellPath = /bin/sh;
			shellScript = "\"${PODS_ROOT}/Target Support Files/Pods-All-In-All-InUITests/Pods-All-In-All-InUITests-frameworks.sh\"\n";
			showEnvVarsInLog = 0;
		};
		F39948D071EBE4B08124BA02 /* [CP] Check Pods Manifest.lock */ = {
			isa = PBXShellScriptBuildPhase;
			buildActionMask = 2147483647;
			files = (
			);
			inputFileListPaths = (
			);
			inputPaths = (
				"${PODS_PODFILE_DIR_PATH}/Podfile.lock",
				"${PODS_ROOT}/Manifest.lock",
			);
			name = "[CP] Check Pods Manifest.lock";
			outputFileListPaths = (
			);
			outputPaths = (
				"$(DERIVED_FILE_DIR)/Pods-All-InTests-checkManifestLockResult.txt",
			);
			runOnlyForDeploymentPostprocessing = 0;
			shellPath = /bin/sh;
			shellScript = "diff \"${PODS_PODFILE_DIR_PATH}/Podfile.lock\" \"${PODS_ROOT}/Manifest.lock\" > /dev/null\nif [ $? != 0 ] ; then\n    # print error to STDERR\n    echo \"error: The sandbox is not in sync with the Podfile.lock. Run 'pod install' or update your CocoaPods installation.\" >&2\n    exit 1\nfi\n# This output is used by Xcode 'outputs' to avoid re-running this script phase.\necho \"SUCCESS\" > \"${SCRIPT_OUTPUT_FILE_0}\"\n";
			showEnvVarsInLog = 0;
		};
/* End PBXShellScriptBuildPhase section */

/* Begin PBXSourcesBuildPhase section */
		A8D6E905286C31B400AF555B /* Sources */ = {
			isa = PBXSourcesBuildPhase;
			buildActionMask = 2147483647;
			files = (
				A8BD82B6286F35DB000DA1E6 /* ListOfAddressesViewController.swift in Sources */,
				434E3E0B28742082000AE2AA /* BrandsModelView.swift in Sources */,
				A8D6E972286CDBB500AF555B /* ShoppingCartTableViewCell.swift in Sources */,
				4397C611287314C600215728 /* OrdersViewController.swift in Sources */,
				A8D6E950286C6C0E00AF555B /* TabBarController.swift in Sources */,
				43EF41F2286E99CD00B7770C /* CategoriesViewController.swift in Sources */,
				A8D6E95A286C82B500AF555B /* ShoppingCartViewController.swift in Sources */,
				8288A5C3287CA5C90098CB8E /* Extension.swift in Sources */,
				A8AB2D142871B2EA00808A59 /* CustomersModel.swift in Sources */,
				A8AB2D182871EF8100808A59 /* discountCodeViewModel.swift in Sources */,
				43FDEB2A286D80FA005C93B9 /* BrandsCollectionViewCell.swift in Sources */,
				434E3E1128746704000AE2AA /* CustomCollection.swift in Sources */,
				43EF41F6286EC40500B7770C /* CategoryCollectionViewCell.swift in Sources */,
				438E57F12875457D00531469 /* FillterTableViewCell.swift in Sources */,
				82924A7D287B980F00C7DD36 /* CustomerModel.swift in Sources */,
				A8D6E953286C713900AF555B /* PaymentViewController.swift in Sources */,
				A8BD82B2286F35B8000DA1E6 /* AddNewAddressViewController.swift in Sources */,
				A889F19E2870F64000B5DF34 /* Urls.swift in Sources */,
				82924A7F287B99C200C7DD36 /* Decoder.swift in Sources */,
				A8D6E911286C31B400AF555B /* ViewController.swift in Sources */,
				43C28FBD28713A650014FE16 /* AdsCollectionViewCell.swift in Sources */,
				A8D6E90D286C31B400AF555B /* AppDelegate.swift in Sources */,
				437BCC30286FB42500B96CFC /* NavigationViewController.swift in Sources */,
				A8CCBC9728764BD400E32B4B /* ProductCollectionViewCell.swift in Sources */,
				438E57F528755F9600531469 /* FilterViewController.swift in Sources */,
				A8CCBC8D28764B7200E32B4B /* LoginViewController.swift in Sources */,
				438E57E32875312E00531469 /* BrandNameCollectionReusableView.swift in Sources */,
				438E59DB287593CD00531469 /* FilterProtcol.swift in Sources */,
				4329D9172872FE540033A36F /* ProfileViewController.swift in Sources */,
				43FDEB26286D7A24005C93B9 /* HomeViewController.swift in Sources */,
				A889F19C2870F63500B5DF34 /* NetworkManager.swift in Sources */,
				A8973CFB286E22DD001A3A8D /* PaymentMethodsViewController.swift in Sources */,
				A8C051E6287708DA00C08A45 /* ItemsCollectionViewCell.swift in Sources */,
				A8BD82BA286F5525000DA1E6 /* addressTableViewCell.swift in Sources */,
				A8CB524828706191000366BE /* ShoppingCartDBManager.swift in Sources */,
				4329D9102872F8580033A36F /* OrdersTableViewCell.swift in Sources */,
				A889F1A22870F84D00B5DF34 /* Views.swift in Sources */,
				A84A19B9286CF4D8002CEFC3 /* shoppingCartItem.swift in Sources */,
				438E57DF287525ED00531469 /* ProuctsBrandCollectionViewCell.swift in Sources */,
				A8D6E917286C31B400AF555B /* All_In.xcdatamodeld in Sources */,
				8288A5C0287C83CE0098CB8E /* FavoriteTableViewCell.swift in Sources */,
				43EF4200286EE8B900B7770C /* HomeModel.swift in Sources */,
				437BCC3828700B1900B96CFC /* LayerBorder.swift in Sources */,
				A889F1A02870F7C900B5DF34 /* Alert.swift in Sources */,
				A889F19A2870F61F00B5DF34 /* ApiServices.swift in Sources */,
				434E3E0F28746206000AE2AA /* CategoriesViewModel.swift in Sources */,
				A8D6E90F286C31B400AF555B /* SceneDelegate.swift in Sources */,
				A889F1A42870F87600B5DF34 /* Reachability.swift in Sources */,
				43C28FB428711DF10014FE16 /* MyAccountViewController.swift in Sources */,
				820A8F92287854F500D13A0A /* FavoriteDBManager.swift in Sources */,
				A8BF41572873786300317979 /* AddressViewModel.swift in Sources */,
				A8CCBC9828764BD400E32B4B /* ProductInfoViewController.swift in Sources */,
				A8AB2D162871EA1100808A59 /* discountCodeModel.swift in Sources */,
				43EF41FD286ECB3B00B7770C /* BrandsViewController.swift in Sources */,
				8288A5B8287C82910098CB8E /* FavoriteViewController.swift in Sources */,
				43C28FB428711DF10014FE16 /* MyAccountViewController.swift in Sources */,
				43EF41FD286ECB3B00B7770C /* BrandsViewController.swift in Sources */,
				A8CCBC8F28764B7200E32B4B /* RgisterViewController.swift in Sources */,
				434E3E09287415F4000AE2AA /* Products.swift in Sources */,
				434E3E0D28745AA9000AE2AA /* CategoriesModel.swift in Sources */,
				432B42AD2873AE3300AEA340 /* HomeViewModel.swift in Sources */,
				A8BD82AE286F3588000DA1E6 /* SettingsViewController.swift in Sources */,
			);
			runOnlyForDeploymentPostprocessing = 0;
		};
		A8D6E91E286C31B500AF555B /* Sources */ = {
			isa = PBXSourcesBuildPhase;
			buildActionMask = 2147483647;
			files = (
				A8B4A713287472B00090E387 /* NetworkManagerMock.swift in Sources */,
				A8D6E927286C31B500AF555B /* All_InTests.swift in Sources */,
			);
			runOnlyForDeploymentPostprocessing = 0;
		};
		A8D6E928286C31B500AF555B /* Sources */ = {
			isa = PBXSourcesBuildPhase;
			buildActionMask = 2147483647;
			files = (
				A8D6E931286C31B500AF555B /* All_InUITests.swift in Sources */,
				A8D6E933286C31B500AF555B /* All_InUITestsLaunchTests.swift in Sources */,
			);
			runOnlyForDeploymentPostprocessing = 0;
		};
/* End PBXSourcesBuildPhase section */

/* Begin PBXTargetDependency section */
		A8D6E924286C31B500AF555B /* PBXTargetDependency */ = {
			isa = PBXTargetDependency;
			target = A8D6E908286C31B400AF555B /* All-In */;
			targetProxy = A8D6E923286C31B500AF555B /* PBXContainerItemProxy */;
		};
		A8D6E92E286C31B500AF555B /* PBXTargetDependency */ = {
			isa = PBXTargetDependency;
			target = A8D6E908286C31B400AF555B /* All-In */;
			targetProxy = A8D6E92D286C31B500AF555B /* PBXContainerItemProxy */;
		};
/* End PBXTargetDependency section */

/* Begin PBXVariantGroup section */
		A8D6E912286C31B400AF555B /* Main.storyboard */ = {
			isa = PBXVariantGroup;
			children = (
				A8D6E913286C31B400AF555B /* Base */,
			);
			name = Main.storyboard;
			sourceTree = "<group>";
		};
		A8D6E91A286C31B500AF555B /* LaunchScreen.storyboard */ = {
			isa = PBXVariantGroup;
			children = (
				A8D6E91B286C31B500AF555B /* Base */,
			);
			name = LaunchScreen.storyboard;
			sourceTree = "<group>";
		};
/* End PBXVariantGroup section */

/* Begin XCBuildConfiguration section */
		A8D6E934286C31B500AF555B /* Debug */ = {
			isa = XCBuildConfiguration;
			buildSettings = {
				ALWAYS_SEARCH_USER_PATHS = NO;
				CLANG_ANALYZER_NONNULL = YES;
				CLANG_ANALYZER_NUMBER_OBJECT_CONVERSION = YES_AGGRESSIVE;
				CLANG_CXX_LANGUAGE_STANDARD = "gnu++17";
				CLANG_ENABLE_MODULES = YES;
				CLANG_ENABLE_OBJC_ARC = YES;
				CLANG_ENABLE_OBJC_WEAK = YES;
				CLANG_WARN_BLOCK_CAPTURE_AUTORELEASING = YES;
				CLANG_WARN_BOOL_CONVERSION = YES;
				CLANG_WARN_COMMA = YES;
				CLANG_WARN_CONSTANT_CONVERSION = YES;
				CLANG_WARN_DEPRECATED_OBJC_IMPLEMENTATIONS = YES;
				CLANG_WARN_DIRECT_OBJC_ISA_USAGE = YES_ERROR;
				CLANG_WARN_DOCUMENTATION_COMMENTS = YES;
				CLANG_WARN_EMPTY_BODY = YES;
				CLANG_WARN_ENUM_CONVERSION = YES;
				CLANG_WARN_INFINITE_RECURSION = YES;
				CLANG_WARN_INT_CONVERSION = YES;
				CLANG_WARN_NON_LITERAL_NULL_CONVERSION = YES;
				CLANG_WARN_OBJC_IMPLICIT_RETAIN_SELF = YES;
				CLANG_WARN_OBJC_LITERAL_CONVERSION = YES;
				CLANG_WARN_OBJC_ROOT_CLASS = YES_ERROR;
				CLANG_WARN_QUOTED_INCLUDE_IN_FRAMEWORK_HEADER = YES;
				CLANG_WARN_RANGE_LOOP_ANALYSIS = YES;
				CLANG_WARN_STRICT_PROTOTYPES = YES;
				CLANG_WARN_SUSPICIOUS_MOVE = YES;
				CLANG_WARN_UNGUARDED_AVAILABILITY = YES_AGGRESSIVE;
				CLANG_WARN_UNREACHABLE_CODE = YES;
				CLANG_WARN__DUPLICATE_METHOD_MATCH = YES;
				COPY_PHASE_STRIP = NO;
				DEBUG_INFORMATION_FORMAT = dwarf;
				ENABLE_STRICT_OBJC_MSGSEND = YES;
				ENABLE_TESTABILITY = YES;
				GCC_C_LANGUAGE_STANDARD = gnu11;
				GCC_DYNAMIC_NO_PIC = NO;
				GCC_NO_COMMON_BLOCKS = YES;
				GCC_OPTIMIZATION_LEVEL = 0;
				GCC_PREPROCESSOR_DEFINITIONS = (
					"DEBUG=1",
					"$(inherited)",
				);
				GCC_WARN_64_TO_32_BIT_CONVERSION = YES;
				GCC_WARN_ABOUT_RETURN_TYPE = YES_ERROR;
				GCC_WARN_UNDECLARED_SELECTOR = YES;
				GCC_WARN_UNINITIALIZED_AUTOS = YES_AGGRESSIVE;
				GCC_WARN_UNUSED_FUNCTION = YES;
				GCC_WARN_UNUSED_VARIABLE = YES;
				IPHONEOS_DEPLOYMENT_TARGET = 13.2;
				MTL_ENABLE_DEBUG_INFO = INCLUDE_SOURCE;
				MTL_FAST_MATH = YES;
				ONLY_ACTIVE_ARCH = YES;
				SDKROOT = iphoneos;
				SWIFT_ACTIVE_COMPILATION_CONDITIONS = DEBUG;
				SWIFT_OPTIMIZATION_LEVEL = "-Onone";
				VALIDATE_PRODUCT = YES;
			};
			name = Debug;
		};
		A8D6E935286C31B500AF555B /* Release */ = {
			isa = XCBuildConfiguration;
			buildSettings = {
				ALWAYS_SEARCH_USER_PATHS = NO;
				CLANG_ANALYZER_NONNULL = YES;
				CLANG_ANALYZER_NUMBER_OBJECT_CONVERSION = YES_AGGRESSIVE;
				CLANG_CXX_LANGUAGE_STANDARD = "gnu++17";
				CLANG_ENABLE_MODULES = YES;
				CLANG_ENABLE_OBJC_ARC = YES;
				CLANG_ENABLE_OBJC_WEAK = YES;
				CLANG_WARN_BLOCK_CAPTURE_AUTORELEASING = YES;
				CLANG_WARN_BOOL_CONVERSION = YES;
				CLANG_WARN_COMMA = YES;
				CLANG_WARN_CONSTANT_CONVERSION = YES;
				CLANG_WARN_DEPRECATED_OBJC_IMPLEMENTATIONS = YES;
				CLANG_WARN_DIRECT_OBJC_ISA_USAGE = YES_ERROR;
				CLANG_WARN_DOCUMENTATION_COMMENTS = YES;
				CLANG_WARN_EMPTY_BODY = YES;
				CLANG_WARN_ENUM_CONVERSION = YES;
				CLANG_WARN_INFINITE_RECURSION = YES;
				CLANG_WARN_INT_CONVERSION = YES;
				CLANG_WARN_NON_LITERAL_NULL_CONVERSION = YES;
				CLANG_WARN_OBJC_IMPLICIT_RETAIN_SELF = YES;
				CLANG_WARN_OBJC_LITERAL_CONVERSION = YES;
				CLANG_WARN_OBJC_ROOT_CLASS = YES_ERROR;
				CLANG_WARN_QUOTED_INCLUDE_IN_FRAMEWORK_HEADER = YES;
				CLANG_WARN_RANGE_LOOP_ANALYSIS = YES;
				CLANG_WARN_STRICT_PROTOTYPES = YES;
				CLANG_WARN_SUSPICIOUS_MOVE = YES;
				CLANG_WARN_UNGUARDED_AVAILABILITY = YES_AGGRESSIVE;
				CLANG_WARN_UNREACHABLE_CODE = YES;
				CLANG_WARN__DUPLICATE_METHOD_MATCH = YES;
				COPY_PHASE_STRIP = NO;
				DEBUG_INFORMATION_FORMAT = "dwarf-with-dsym";
				ENABLE_NS_ASSERTIONS = NO;
				ENABLE_STRICT_OBJC_MSGSEND = YES;
				GCC_C_LANGUAGE_STANDARD = gnu11;
				GCC_NO_COMMON_BLOCKS = YES;
				GCC_WARN_64_TO_32_BIT_CONVERSION = YES;
				GCC_WARN_ABOUT_RETURN_TYPE = YES_ERROR;
				GCC_WARN_UNDECLARED_SELECTOR = YES;
				GCC_WARN_UNINITIALIZED_AUTOS = YES_AGGRESSIVE;
				GCC_WARN_UNUSED_FUNCTION = YES;
				GCC_WARN_UNUSED_VARIABLE = YES;
				IPHONEOS_DEPLOYMENT_TARGET = 13.2;
				MTL_ENABLE_DEBUG_INFO = NO;
				MTL_FAST_MATH = YES;
				SDKROOT = iphoneos;
				SWIFT_COMPILATION_MODE = wholemodule;
				SWIFT_OPTIMIZATION_LEVEL = "-O";
				VALIDATE_PRODUCT = NO;
			};
			name = Release;
		};
		A8D6E937286C31B500AF555B /* Debug */ = {
			isa = XCBuildConfiguration;
			baseConfigurationReference = B6482C8FE3ABBB6DA8DA5BE8 /* Pods-All-In.debug.xcconfig */;
			buildSettings = {
				ASSETCATALOG_COMPILER_APPICON_NAME = AppIcon;
				ASSETCATALOG_COMPILER_GLOBAL_ACCENT_COLOR_NAME = AccentColor;
				CODE_SIGN_STYLE = Automatic;
				CURRENT_PROJECT_VERSION = 1;
				DEVELOPMENT_TEAM = A39WX9UWBY;
				GENERATE_INFOPLIST_FILE = YES;
				INFOPLIST_FILE = "All-In/Info.plist";
				INFOPLIST_KEY_UIApplicationSupportsIndirectInputEvents = YES;
				INFOPLIST_KEY_UILaunchStoryboardName = LaunchScreen;
				INFOPLIST_KEY_UIMainStoryboardFile = Main;
				INFOPLIST_KEY_UISupportedInterfaceOrientations_iPad = "UIInterfaceOrientationPortrait UIInterfaceOrientationPortraitUpsideDown UIInterfaceOrientationLandscapeLeft UIInterfaceOrientationLandscapeRight";
				INFOPLIST_KEY_UISupportedInterfaceOrientations_iPhone = "UIInterfaceOrientationPortrait UIInterfaceOrientationLandscapeLeft UIInterfaceOrientationLandscapeRight";
				IPHONEOS_DEPLOYMENT_TARGET = 15.2;
				LD_RUNPATH_SEARCH_PATHS = (
					"$(inherited)",
					"@executable_path/Frameworks",
				);
				MARKETING_VERSION = 1.0;
				ONLY_ACTIVE_ARCH = NO;
				PRODUCT_BUNDLE_IDENTIFIER = "-.All-In";
				PRODUCT_NAME = "$(TARGET_NAME)";
				SWIFT_EMIT_LOC_STRINGS = YES;
				SWIFT_VERSION = 5.0;
				TARGETED_DEVICE_FAMILY = "1,2";
			};
			name = Debug;
		};
		A8D6E938286C31B500AF555B /* Release */ = {
			isa = XCBuildConfiguration;
			baseConfigurationReference = F0E2D93E795FC36095F178B4 /* Pods-All-In.release.xcconfig */;
			buildSettings = {
				ASSETCATALOG_COMPILER_APPICON_NAME = AppIcon;
				ASSETCATALOG_COMPILER_GLOBAL_ACCENT_COLOR_NAME = AccentColor;
				CODE_SIGN_STYLE = Automatic;
				CURRENT_PROJECT_VERSION = 1;
				DEVELOPMENT_TEAM = A39WX9UWBY;
				GENERATE_INFOPLIST_FILE = YES;
				INFOPLIST_FILE = "All-In/Info.plist";
				INFOPLIST_KEY_UIApplicationSupportsIndirectInputEvents = YES;
				INFOPLIST_KEY_UILaunchStoryboardName = LaunchScreen;
				INFOPLIST_KEY_UIMainStoryboardFile = Main;
				INFOPLIST_KEY_UISupportedInterfaceOrientations_iPad = "UIInterfaceOrientationPortrait UIInterfaceOrientationPortraitUpsideDown UIInterfaceOrientationLandscapeLeft UIInterfaceOrientationLandscapeRight";
				INFOPLIST_KEY_UISupportedInterfaceOrientations_iPhone = "UIInterfaceOrientationPortrait UIInterfaceOrientationLandscapeLeft UIInterfaceOrientationLandscapeRight";
				IPHONEOS_DEPLOYMENT_TARGET = 15.2;
				LD_RUNPATH_SEARCH_PATHS = (
					"$(inherited)",
					"@executable_path/Frameworks",
				);
				MARKETING_VERSION = 1.0;
				ONLY_ACTIVE_ARCH = YES;
				PRODUCT_BUNDLE_IDENTIFIER = "-.All-In";
				PRODUCT_NAME = "$(TARGET_NAME)";
				SWIFT_EMIT_LOC_STRINGS = YES;
				SWIFT_VERSION = 5.0;
				TARGETED_DEVICE_FAMILY = "1,2";
			};
			name = Release;
		};
		A8D6E93A286C31B500AF555B /* Debug */ = {
			isa = XCBuildConfiguration;
			baseConfigurationReference = EAF6D7B615256161B6D10F1C /* Pods-All-InTests.debug.xcconfig */;
			buildSettings = {
				ALWAYS_EMBED_SWIFT_STANDARD_LIBRARIES = YES;
				BUNDLE_LOADER = "$(TEST_HOST)";
				CODE_SIGN_STYLE = Automatic;
				CURRENT_PROJECT_VERSION = 1;
				DEVELOPMENT_TEAM = A39WX9UWBY;
				GENERATE_INFOPLIST_FILE = YES;
				IPHONEOS_DEPLOYMENT_TARGET = 15.4;
				MARKETING_VERSION = 1.0;
				PRODUCT_BUNDLE_IDENTIFIER = "-.All-InTests";
				PRODUCT_NAME = "$(TARGET_NAME)";
				SWIFT_EMIT_LOC_STRINGS = NO;
				SWIFT_VERSION = 5.0;
				TARGETED_DEVICE_FAMILY = "1,2";
				TEST_HOST = "$(BUILT_PRODUCTS_DIR)/All-In.app/All-In";
			};
			name = Debug;
		};
		A8D6E93B286C31B500AF555B /* Release */ = {
			isa = XCBuildConfiguration;
			baseConfigurationReference = D7A85BC16B24DAD4443D49F4 /* Pods-All-InTests.release.xcconfig */;
			buildSettings = {
				ALWAYS_EMBED_SWIFT_STANDARD_LIBRARIES = YES;
				BUNDLE_LOADER = "$(TEST_HOST)";
				CODE_SIGN_STYLE = Automatic;
				CURRENT_PROJECT_VERSION = 1;
				DEVELOPMENT_TEAM = A39WX9UWBY;
				GENERATE_INFOPLIST_FILE = YES;
				IPHONEOS_DEPLOYMENT_TARGET = 15.4;
				MARKETING_VERSION = 1.0;
				PRODUCT_BUNDLE_IDENTIFIER = "-.All-InTests";
				PRODUCT_NAME = "$(TARGET_NAME)";
				SWIFT_EMIT_LOC_STRINGS = NO;
				SWIFT_VERSION = 5.0;
				TARGETED_DEVICE_FAMILY = "1,2";
				TEST_HOST = "$(BUILT_PRODUCTS_DIR)/All-In.app/All-In";
			};
			name = Release;
		};
		A8D6E93D286C31B500AF555B /* Debug */ = {
			isa = XCBuildConfiguration;
			baseConfigurationReference = 5FE5CE26FCFDC3CAF6DB6A18 /* Pods-All-In-All-InUITests.debug.xcconfig */;
			buildSettings = {
				ALWAYS_EMBED_SWIFT_STANDARD_LIBRARIES = YES;
				CODE_SIGN_STYLE = Automatic;
				CURRENT_PROJECT_VERSION = 1;
				DEVELOPMENT_TEAM = A39WX9UWBY;
				GENERATE_INFOPLIST_FILE = YES;
				MARKETING_VERSION = 1.0;
				PRODUCT_BUNDLE_IDENTIFIER = "-.All-InUITests";
				PRODUCT_NAME = "$(TARGET_NAME)";
				SWIFT_EMIT_LOC_STRINGS = NO;
				SWIFT_VERSION = 5.0;
				TARGETED_DEVICE_FAMILY = "1,2";
				TEST_TARGET_NAME = "All-In";
			};
			name = Debug;
		};
		A8D6E93E286C31B500AF555B /* Release */ = {
			isa = XCBuildConfiguration;
			baseConfigurationReference = 041C67BF5EF4BEB2EA86279E /* Pods-All-In-All-InUITests.release.xcconfig */;
			buildSettings = {
				ALWAYS_EMBED_SWIFT_STANDARD_LIBRARIES = YES;
				CODE_SIGN_STYLE = Automatic;
				CURRENT_PROJECT_VERSION = 1;
				DEVELOPMENT_TEAM = A39WX9UWBY;
				GENERATE_INFOPLIST_FILE = YES;
				MARKETING_VERSION = 1.0;
				PRODUCT_BUNDLE_IDENTIFIER = "-.All-InUITests";
				PRODUCT_NAME = "$(TARGET_NAME)";
				SWIFT_EMIT_LOC_STRINGS = NO;
				SWIFT_VERSION = 5.0;
				TARGETED_DEVICE_FAMILY = "1,2";
				TEST_TARGET_NAME = "All-In";
			};
			name = Release;
		};
/* End XCBuildConfiguration section */

/* Begin XCConfigurationList section */
		A8D6E904286C31B400AF555B /* Build configuration list for PBXProject "All-In" */ = {
			isa = XCConfigurationList;
			buildConfigurations = (
				A8D6E934286C31B500AF555B /* Debug */,
				A8D6E935286C31B500AF555B /* Release */,
			);
			defaultConfigurationIsVisible = 0;
			defaultConfigurationName = Debug;
		};
		A8D6E936286C31B500AF555B /* Build configuration list for PBXNativeTarget "All-In" */ = {
			isa = XCConfigurationList;
			buildConfigurations = (
				A8D6E937286C31B500AF555B /* Debug */,
				A8D6E938286C31B500AF555B /* Release */,
			);
			defaultConfigurationIsVisible = 0;
			defaultConfigurationName = Debug;
		};
		A8D6E939286C31B500AF555B /* Build configuration list for PBXNativeTarget "All-InTests" */ = {
			isa = XCConfigurationList;
			buildConfigurations = (
				A8D6E93A286C31B500AF555B /* Debug */,
				A8D6E93B286C31B500AF555B /* Release */,
			);
			defaultConfigurationIsVisible = 0;
			defaultConfigurationName = Debug;
		};
		A8D6E93C286C31B500AF555B /* Build configuration list for PBXNativeTarget "All-InUITests" */ = {
			isa = XCConfigurationList;
			buildConfigurations = (
				A8D6E93D286C31B500AF555B /* Debug */,
				A8D6E93E286C31B500AF555B /* Release */,
			);
			defaultConfigurationIsVisible = 0;
			defaultConfigurationName = Debug;
		};
/* End XCConfigurationList section */

/* Begin XCVersionGroup section */
		A8D6E915286C31B400AF555B /* All_In.xcdatamodeld */ = {
			isa = XCVersionGroup;
			children = (
				A8D6E916286C31B400AF555B /* All_In.xcdatamodel */,
			);
			currentVersion = A8D6E916286C31B400AF555B /* All_In.xcdatamodel */;
			path = All_In.xcdatamodeld;
			sourceTree = "<group>";
			versionGroupType = wrapper.xcdatamodel;
		};
/* End XCVersionGroup section */
	};
	rootObject = A8D6E901286C31B400AF555B /* Project object */;
}
